// !$*UTF8*$!
{
	archiveVersion = 1;
	classes = {
	};
	objectVersion = 46;
	objects = {

/* Begin PBXBuildFile section */
		8401FF221F730AFF00B07557 /* main.m in Sources */ = {isa = PBXBuildFile; fileRef = 8401FF211F730AFF00B07557 /* main.m */; };
		8401FF251F730AFF00B07557 /* AppDelegate.m in Sources */ = {isa = PBXBuildFile; fileRef = 8401FF241F730AFF00B07557 /* AppDelegate.m */; };
		8401FF281F730AFF00B07557 /* ViewController.m in Sources */ = {isa = PBXBuildFile; fileRef = 8401FF271F730AFF00B07557 /* ViewController.m */; };
		8401FF2B1F730AFF00B07557 /* Main.storyboard in Resources */ = {isa = PBXBuildFile; fileRef = 8401FF291F730AFF00B07557 /* Main.storyboard */; };
		8401FF2D1F730AFF00B07557 /* Assets.xcassets in Resources */ = {isa = PBXBuildFile; fileRef = 8401FF2C1F730AFF00B07557 /* Assets.xcassets */; };
		8401FF301F730AFF00B07557 /* LaunchScreen.storyboard in Resources */ = {isa = PBXBuildFile; fileRef = 8401FF2E1F730AFF00B07557 /* LaunchScreen.storyboard */; };
		8401FF3B1F730AFF00B07557 /* ReactiveCocaDemo1Tests.m in Sources */ = {isa = PBXBuildFile; fileRef = 8401FF3A1F730AFF00B07557 /* ReactiveCocaDemo1Tests.m */; };
		8401FF461F730AFF00B07557 /* ReactiveCocaDemo1UITests.m in Sources */ = {isa = PBXBuildFile; fileRef = 8401FF451F730AFF00B07557 /* ReactiveCocaDemo1UITests.m */; };
		84A285411F7314C700D620EC /* kitten.jpg in Resources */ = {isa = PBXBuildFile; fileRef = 84A285401F7314C700D620EC /* kitten.jpg */; };
		84A285441F7315C800D620EC /* GZSignInService.m in Sources */ = {isa = PBXBuildFile; fileRef = 84A285431F7315C800D620EC /* GZSignInService.m */; };
/* End PBXBuildFile section */

/* Begin PBXContainerItemProxy section */
		8401FF371F730AFF00B07557 /* PBXContainerItemProxy */ = {
			isa = PBXContainerItemProxy;
			containerPortal = 8401FF151F730AFF00B07557 /* Project object */;
			proxyType = 1;
			remoteGlobalIDString = 8401FF1C1F730AFF00B07557;
			remoteInfo = ReactiveCocaDemo1;
		};
		8401FF421F730AFF00B07557 /* PBXContainerItemProxy */ = {
			isa = PBXContainerItemProxy;
			containerPortal = 8401FF151F730AFF00B07557 /* Project object */;
			proxyType = 1;
			remoteGlobalIDString = 8401FF1C1F730AFF00B07557;
			remoteInfo = ReactiveCocaDemo1;
		};
		846A76BC1FFE99AD00BB0930 /* PBXContainerItemProxy */ = {
			isa = PBXContainerItemProxy;
			containerPortal = 846A76B21FFE99AD00BB0930 /* ReactiveObjC.xcodeproj */;
			proxyType = 2;
			remoteGlobalIDString = D04725EA19E49ED7006002AA;
			remoteInfo = "ReactiveObjC-macOS";
		};
		846A76BE1FFE99AD00BB0930 /* PBXContainerItemProxy */ = {
			isa = PBXContainerItemProxy;
			containerPortal = 846A76B21FFE99AD00BB0930 /* ReactiveObjC.xcodeproj */;
			proxyType = 2;
			remoteGlobalIDString = D04725F519E49ED7006002AA;
			remoteInfo = "ReactiveObjC-macOSTests";
		};
		846A76C01FFE99AD00BB0930 /* PBXContainerItemProxy */ = {
			isa = PBXContainerItemProxy;
			containerPortal = 846A76B21FFE99AD00BB0930 /* ReactiveObjC.xcodeproj */;
			proxyType = 2;
			remoteGlobalIDString = D047260C19E49F82006002AA;
			remoteInfo = "ReactiveObjC-iOS";
		};
		846A76C21FFE99AD00BB0930 /* PBXContainerItemProxy */ = {
			isa = PBXContainerItemProxy;
			containerPortal = 846A76B21FFE99AD00BB0930 /* ReactiveObjC.xcodeproj */;
			proxyType = 2;
			remoteGlobalIDString = D047261619E49F82006002AA;
			remoteInfo = "ReactiveObjC-iOSTests";
		};
		846A76C41FFE99AD00BB0930 /* PBXContainerItemProxy */ = {
			isa = PBXContainerItemProxy;
			containerPortal = 846A76B21FFE99AD00BB0930 /* ReactiveObjC.xcodeproj */;
			proxyType = 2;
			remoteGlobalIDString = A9B315541B3940610001CB9C;
			remoteInfo = "ReactiveObjC-watchOS";
		};
		846A76C61FFE99AD00BB0930 /* PBXContainerItemProxy */ = {
			isa = PBXContainerItemProxy;
			containerPortal = 846A76B21FFE99AD00BB0930 /* ReactiveObjC.xcodeproj */;
			proxyType = 2;
			remoteGlobalIDString = 57A4D2411BA13D7A00F7D4B1;
			remoteInfo = "ReactiveObjC-tvOS";
		};
		846A76C81FFE99AD00BB0930 /* PBXContainerItemProxy */ = {
			isa = PBXContainerItemProxy;
			containerPortal = 846A76B21FFE99AD00BB0930 /* ReactiveObjC.xcodeproj */;
			proxyType = 2;
			remoteGlobalIDString = 7DFBED031CDB8C9500EE435B;
			remoteInfo = "ReactiveObjC-tvOSTests";
		};
/* End PBXContainerItemProxy section */

/* Begin PBXCopyFilesBuildPhase section */
		8401FF6F1F730C1C00B07557 /* CopyFiles */ = {
			isa = PBXCopyFilesBuildPhase;
			buildActionMask = 2147483647;
			dstPath = "";
			dstSubfolderSpec = 10;
			files = (
			);
			runOnlyForDeploymentPostprocessing = 0;
		};
/* End PBXCopyFilesBuildPhase section */

/* Begin PBXFileReference section */
		8401FF1D1F730AFF00B07557 /* ReactiveCocaDemo1.app */ = {isa = PBXFileReference; explicitFileType = wrapper.application; includeInIndex = 0; path = ReactiveCocaDemo1.app; sourceTree = BUILT_PRODUCTS_DIR; };
		8401FF211F730AFF00B07557 /* main.m */ = {isa = PBXFileReference; lastKnownFileType = sourcecode.c.objc; path = main.m; sourceTree = "<group>"; };
		8401FF231F730AFF00B07557 /* AppDelegate.h */ = {isa = PBXFileReference; lastKnownFileType = sourcecode.c.h; path = AppDelegate.h; sourceTree = "<group>"; };
		8401FF241F730AFF00B07557 /* AppDelegate.m */ = {isa = PBXFileReference; lastKnownFileType = sourcecode.c.objc; path = AppDelegate.m; sourceTree = "<group>"; };
		8401FF261F730AFF00B07557 /* ViewController.h */ = {isa = PBXFileReference; lastKnownFileType = sourcecode.c.h; path = ViewController.h; sourceTree = "<group>"; };
		8401FF271F730AFF00B07557 /* ViewController.m */ = {isa = PBXFileReference; lastKnownFileType = sourcecode.c.objc; path = ViewController.m; sourceTree = "<group>"; };
		8401FF2A1F730AFF00B07557 /* Base */ = {isa = PBXFileReference; lastKnownFileType = file.storyboard; name = Base; path = Base.lproj/Main.storyboard; sourceTree = "<group>"; };
		8401FF2C1F730AFF00B07557 /* Assets.xcassets */ = {isa = PBXFileReference; lastKnownFileType = folder.assetcatalog; path = Assets.xcassets; sourceTree = "<group>"; };
		8401FF2F1F730AFF00B07557 /* Base */ = {isa = PBXFileReference; lastKnownFileType = file.storyboard; name = Base; path = Base.lproj/LaunchScreen.storyboard; sourceTree = "<group>"; };
		8401FF311F730AFF00B07557 /* Info.plist */ = {isa = PBXFileReference; lastKnownFileType = text.plist.xml; path = Info.plist; sourceTree = "<group>"; };
		8401FF361F730AFF00B07557 /* ReactiveCocaDemo1Tests.xctest */ = {isa = PBXFileReference; explicitFileType = wrapper.cfbundle; includeInIndex = 0; path = ReactiveCocaDemo1Tests.xctest; sourceTree = BUILT_PRODUCTS_DIR; };
		8401FF3A1F730AFF00B07557 /* ReactiveCocaDemo1Tests.m */ = {isa = PBXFileReference; lastKnownFileType = sourcecode.c.objc; path = ReactiveCocaDemo1Tests.m; sourceTree = "<group>"; };
		8401FF3C1F730AFF00B07557 /* Info.plist */ = {isa = PBXFileReference; lastKnownFileType = text.plist.xml; path = Info.plist; sourceTree = "<group>"; };
		8401FF411F730AFF00B07557 /* ReactiveCocaDemo1UITests.xctest */ = {isa = PBXFileReference; explicitFileType = wrapper.cfbundle; includeInIndex = 0; path = ReactiveCocaDemo1UITests.xctest; sourceTree = BUILT_PRODUCTS_DIR; };
		8401FF451F730AFF00B07557 /* ReactiveCocaDemo1UITests.m */ = {isa = PBXFileReference; lastKnownFileType = sourcecode.c.objc; path = ReactiveCocaDemo1UITests.m; sourceTree = "<group>"; };
		8401FF471F730AFF00B07557 /* Info.plist */ = {isa = PBXFileReference; lastKnownFileType = text.plist.xml; path = Info.plist; sourceTree = "<group>"; };
		846A76B21FFE99AD00BB0930 /* ReactiveObjC.xcodeproj */ = {isa = PBXFileReference; lastKnownFileType = "wrapper.pb-project"; name = ReactiveObjC.xcodeproj; path = framework/ReactiveObjC.xcodeproj; sourceTree = "<group>"; };
		8476E7711FFD5A9F00DD49C0 /* PrefixHeader.pch */ = {isa = PBXFileReference; lastKnownFileType = sourcecode.c.h; path = PrefixHeader.pch; sourceTree = "<group>"; };
		84A285401F7314C700D620EC /* kitten.jpg */ = {isa = PBXFileReference; lastKnownFileType = image.jpeg; path = kitten.jpg; sourceTree = "<group>"; };
		84A285421F7315C800D620EC /* GZSignInService.h */ = {isa = PBXFileReference; fileEncoding = 4; lastKnownFileType = sourcecode.c.h; path = GZSignInService.h; sourceTree = "<group>"; };
		84A285431F7315C800D620EC /* GZSignInService.m */ = {isa = PBXFileReference; fileEncoding = 4; lastKnownFileType = sourcecode.c.objc; path = GZSignInService.m; sourceTree = "<group>"; };
/* End PBXFileReference section */

/* Begin PBXFrameworksBuildPhase section */
		8401FF1A1F730AFF00B07557 /* Frameworks */ = {
			isa = PBXFrameworksBuildPhase;
			buildActionMask = 2147483647;
			files = (
			);
			runOnlyForDeploymentPostprocessing = 0;
		};
		8401FF331F730AFF00B07557 /* Frameworks */ = {
			isa = PBXFrameworksBuildPhase;
			buildActionMask = 2147483647;
			files = (
			);
			runOnlyForDeploymentPostprocessing = 0;
		};
		8401FF3E1F730AFF00B07557 /* Frameworks */ = {
			isa = PBXFrameworksBuildPhase;
			buildActionMask = 2147483647;
			files = (
			);
			runOnlyForDeploymentPostprocessing = 0;
		};
/* End PBXFrameworksBuildPhase section */

/* Begin PBXGroup section */
		8401FF141F730AFF00B07557 = {
			isa = PBXGroup;
			children = (
				8401FF1F1F730AFF00B07557 /* ReactiveCocaDemo1 */,
				8401FF391F730AFF00B07557 /* ReactiveCocaDemo1Tests */,
				8401FF441F730AFF00B07557 /* ReactiveCocaDemo1UITests */,
				8401FF1E1F730AFF00B07557 /* Products */,
			);
			sourceTree = "<group>";
		};
		8401FF1E1F730AFF00B07557 /* Products */ = {
			isa = PBXGroup;
			children = (
				8401FF1D1F730AFF00B07557 /* ReactiveCocaDemo1.app */,
				8401FF361F730AFF00B07557 /* ReactiveCocaDemo1Tests.xctest */,
				8401FF411F730AFF00B07557 /* ReactiveCocaDemo1UITests.xctest */,
			);
			name = Products;
			sourceTree = "<group>";
		};
		8401FF1F1F730AFF00B07557 /* ReactiveCocaDemo1 */ = {
			isa = PBXGroup;
			children = (
				84A285401F7314C700D620EC /* kitten.jpg */,
				8401FF231F730AFF00B07557 /* AppDelegate.h */,
				8401FF241F730AFF00B07557 /* AppDelegate.m */,
				8401FF261F730AFF00B07557 /* ViewController.h */,
				8401FF271F730AFF00B07557 /* ViewController.m */,
				84A285421F7315C800D620EC /* GZSignInService.h */,
				84A285431F7315C800D620EC /* GZSignInService.m */,
				8401FF291F730AFF00B07557 /* Main.storyboard */,
				8401FF2C1F730AFF00B07557 /* Assets.xcassets */,
				8401FF2E1F730AFF00B07557 /* LaunchScreen.storyboard */,
				8401FF311F730AFF00B07557 /* Info.plist */,
				846A76B21FFE99AD00BB0930 /* ReactiveObjC.xcodeproj */,
				8401FF201F730AFF00B07557 /* Supporting Files */,
			);
			path = ReactiveCocaDemo1;
			sourceTree = "<group>";
		};
		8401FF201F730AFF00B07557 /* Supporting Files */ = {
			isa = PBXGroup;
			children = (
				8401FF211F730AFF00B07557 /* main.m */,
				8476E7711FFD5A9F00DD49C0 /* PrefixHeader.pch */,
			);
			name = "Supporting Files";
			sourceTree = "<group>";
		};
		8401FF391F730AFF00B07557 /* ReactiveCocaDemo1Tests */ = {
			isa = PBXGroup;
			children = (
				8401FF3A1F730AFF00B07557 /* ReactiveCocaDemo1Tests.m */,
				8401FF3C1F730AFF00B07557 /* Info.plist */,
			);
			path = ReactiveCocaDemo1Tests;
			sourceTree = "<group>";
		};
		8401FF441F730AFF00B07557 /* ReactiveCocaDemo1UITests */ = {
			isa = PBXGroup;
			children = (
				8401FF451F730AFF00B07557 /* ReactiveCocaDemo1UITests.m */,
				8401FF471F730AFF00B07557 /* Info.plist */,
			);
			path = ReactiveCocaDemo1UITests;
			sourceTree = "<group>";
		};
		846A76B31FFE99AD00BB0930 /* Products */ = {
			isa = PBXGroup;
			children = (
				846A76BD1FFE99AD00BB0930 /* ReactiveObjC.framework */,
				846A76BF1FFE99AD00BB0930 /* ReactiveObjCTests.xctest */,
				846A76C11FFE99AD00BB0930 /* ReactiveObjC.framework */,
				846A76C31FFE99AD00BB0930 /* ReactiveObjCTests.xctest */,
				846A76C51FFE99AD00BB0930 /* ReactiveObjC.framework */,
				846A76C71FFE99AD00BB0930 /* ReactiveObjC.framework */,
				846A76C91FFE99AD00BB0930 /* ReactiveObjCTests.xctest */,
			);
			name = Products;
			sourceTree = "<group>";
		};
/* End PBXGroup section */

/* Begin PBXNativeTarget section */
		8401FF1C1F730AFF00B07557 /* ReactiveCocaDemo1 */ = {
			isa = PBXNativeTarget;
			buildConfigurationList = 8401FF4A1F730AFF00B07557 /* Build configuration list for PBXNativeTarget "ReactiveCocaDemo1" */;
			buildPhases = (
				8401FF191F730AFF00B07557 /* Sources */,
				8401FF1A1F730AFF00B07557 /* Frameworks */,
				8401FF1B1F730AFF00B07557 /* Resources */,
				8401FF6F1F730C1C00B07557 /* CopyFiles */,
			);
			buildRules = (
			);
			dependencies = (
			);
			name = ReactiveCocaDemo1;
			productName = ReactiveCocaDemo1;
			productReference = 8401FF1D1F730AFF00B07557 /* ReactiveCocaDemo1.app */;
			productType = "com.apple.product-type.application";
		};
		8401FF351F730AFF00B07557 /* ReactiveCocaDemo1Tests */ = {
			isa = PBXNativeTarget;
			buildConfigurationList = 8401FF4D1F730AFF00B07557 /* Build configuration list for PBXNativeTarget "ReactiveCocaDemo1Tests" */;
			buildPhases = (
				8401FF321F730AFF00B07557 /* Sources */,
				8401FF331F730AFF00B07557 /* Frameworks */,
				8401FF341F730AFF00B07557 /* Resources */,
			);
			buildRules = (
			);
			dependencies = (
				8401FF381F730AFF00B07557 /* PBXTargetDependency */,
			);
			name = ReactiveCocaDemo1Tests;
			productName = ReactiveCocaDemo1Tests;
			productReference = 8401FF361F730AFF00B07557 /* ReactiveCocaDemo1Tests.xctest */;
			productType = "com.apple.product-type.bundle.unit-test";
		};
		8401FF401F730AFF00B07557 /* ReactiveCocaDemo1UITests */ = {
			isa = PBXNativeTarget;
			buildConfigurationList = 8401FF501F730AFF00B07557 /* Build configuration list for PBXNativeTarget "ReactiveCocaDemo1UITests" */;
			buildPhases = (
				8401FF3D1F730AFF00B07557 /* Sources */,
				8401FF3E1F730AFF00B07557 /* Frameworks */,
				8401FF3F1F730AFF00B07557 /* Resources */,
			);
			buildRules = (
			);
			dependencies = (
				8401FF431F730AFF00B07557 /* PBXTargetDependency */,
			);
			name = ReactiveCocaDemo1UITests;
			productName = ReactiveCocaDemo1UITests;
			productReference = 8401FF411F730AFF00B07557 /* ReactiveCocaDemo1UITests.xctest */;
			productType = "com.apple.product-type.bundle.ui-testing";
		};
/* End PBXNativeTarget section */

/* Begin PBXProject section */
		8401FF151F730AFF00B07557 /* Project object */ = {
			isa = PBXProject;
			attributes = {
				LastUpgradeCheck = 0900;
				ORGANIZATIONNAME = "Admin ";
				TargetAttributes = {
					8401FF1C1F730AFF00B07557 = {
						CreatedOnToolsVersion = 8.3.3;
						DevelopmentTeam = X92HRP6SLX;
						ProvisioningStyle = Automatic;
					};
					8401FF351F730AFF00B07557 = {
						CreatedOnToolsVersion = 8.3.3;
						DevelopmentTeam = X92HRP6SLX;
						ProvisioningStyle = Automatic;
						TestTargetID = 8401FF1C1F730AFF00B07557;
					};
					8401FF401F730AFF00B07557 = {
						CreatedOnToolsVersion = 8.3.3;
						DevelopmentTeam = X92HRP6SLX;
						ProvisioningStyle = Automatic;
						TestTargetID = 8401FF1C1F730AFF00B07557;
					};
				};
			};
			buildConfigurationList = 8401FF181F730AFF00B07557 /* Build configuration list for PBXProject "ReactiveCocaDemo1" */;
			compatibilityVersion = "Xcode 3.2";
			developmentRegion = English;
			hasScannedForEncodings = 0;
			knownRegions = (
				en,
				Base,
			);
			mainGroup = 8401FF141F730AFF00B07557;
			productRefGroup = 8401FF1E1F730AFF00B07557 /* Products */;
			projectDirPath = "";
			projectReferences = (
				{
					ProductGroup = 846A76B31FFE99AD00BB0930 /* Products */;
					ProjectRef = 846A76B21FFE99AD00BB0930 /* ReactiveObjC.xcodeproj */;
				},
			);
			projectRoot = "";
			targets = (
				8401FF1C1F730AFF00B07557 /* ReactiveCocaDemo1 */,
				8401FF351F730AFF00B07557 /* ReactiveCocaDemo1Tests */,
				8401FF401F730AFF00B07557 /* ReactiveCocaDemo1UITests */,
			);
		};
/* End PBXProject section */

/* Begin PBXReferenceProxy section */
		846A76BD1FFE99AD00BB0930 /* ReactiveObjC.framework */ = {
			isa = PBXReferenceProxy;
			fileType = wrapper.framework;
			path = ReactiveObjC.framework;
			remoteRef = 846A76BC1FFE99AD00BB0930 /* PBXContainerItemProxy */;
			sourceTree = BUILT_PRODUCTS_DIR;
		};
		846A76BF1FFE99AD00BB0930 /* ReactiveObjCTests.xctest */ = {
			isa = PBXReferenceProxy;
			fileType = wrapper.cfbundle;
			path = ReactiveObjCTests.xctest;
			remoteRef = 846A76BE1FFE99AD00BB0930 /* PBXContainerItemProxy */;
			sourceTree = BUILT_PRODUCTS_DIR;
		};
		846A76C11FFE99AD00BB0930 /* ReactiveObjC.framework */ = {
			isa = PBXReferenceProxy;
			fileType = wrapper.framework;
			path = ReactiveObjC.framework;
			remoteRef = 846A76C01FFE99AD00BB0930 /* PBXContainerItemProxy */;
			sourceTree = BUILT_PRODUCTS_DIR;
		};
		846A76C31FFE99AD00BB0930 /* ReactiveObjCTests.xctest */ = {
			isa = PBXReferenceProxy;
			fileType = wrapper.cfbundle;
			path = ReactiveObjCTests.xctest;
			remoteRef = 846A76C21FFE99AD00BB0930 /* PBXContainerItemProxy */;
			sourceTree = BUILT_PRODUCTS_DIR;
		};
		846A76C51FFE99AD00BB0930 /* ReactiveObjC.framework */ = {
			isa = PBXReferenceProxy;
			fileType = wrapper.framework;
			path = ReactiveObjC.framework;
			remoteRef = 846A76C41FFE99AD00BB0930 /* PBXContainerItemProxy */;
			sourceTree = BUILT_PRODUCTS_DIR;
		};
		846A76C71FFE99AD00BB0930 /* ReactiveObjC.framework */ = {
			isa = PBXReferenceProxy;
			fileType = wrapper.framework;
			path = ReactiveObjC.framework;
			remoteRef = 846A76C61FFE99AD00BB0930 /* PBXContainerItemProxy */;
			sourceTree = BUILT_PRODUCTS_DIR;
		};
		846A76C91FFE99AD00BB0930 /* ReactiveObjCTests.xctest */ = {
			isa = PBXReferenceProxy;
			fileType = wrapper.cfbundle;
			path = ReactiveObjCTests.xctest;
			remoteRef = 846A76C81FFE99AD00BB0930 /* PBXContainerItemProxy */;
			sourceTree = BUILT_PRODUCTS_DIR;
		};
/* End PBXReferenceProxy section */

/* Begin PBXResourcesBuildPhase section */
		8401FF1B1F730AFF00B07557 /* Resources */ = {
			isa = PBXResourcesBuildPhase;
			buildActionMask = 2147483647;
			files = (
				84A285411F7314C700D620EC /* kitten.jpg in Resources */,
				8401FF301F730AFF00B07557 /* LaunchScreen.storyboard in Resources */,
				8401FF2D1F730AFF00B07557 /* Assets.xcassets in Resources */,
				8401FF2B1F730AFF00B07557 /* Main.storyboard in Resources */,
			);
			runOnlyForDeploymentPostprocessing = 0;
		};
		8401FF341F730AFF00B07557 /* Resources */ = {
			isa = PBXResourcesBuildPhase;
			buildActionMask = 2147483647;
			files = (
			);
			runOnlyForDeploymentPostprocessing = 0;
		};
		8401FF3F1F730AFF00B07557 /* Resources */ = {
			isa = PBXResourcesBuildPhase;
			buildActionMask = 2147483647;
			files = (
			);
			runOnlyForDeploymentPostprocessing = 0;
		};
/* End PBXResourcesBuildPhase section */

/* Begin PBXSourcesBuildPhase section */
		8401FF191F730AFF00B07557 /* Sources */ = {
			isa = PBXSourcesBuildPhase;
			buildActionMask = 2147483647;
			files = (
				8401FF281F730AFF00B07557 /* ViewController.m in Sources */,
				8401FF251F730AFF00B07557 /* AppDelegate.m in Sources */,
				84A285441F7315C800D620EC /* GZSignInService.m in Sources */,
				8401FF221F730AFF00B07557 /* main.m in Sources */,
			);
			runOnlyForDeploymentPostprocessing = 0;
		};
		8401FF321F730AFF00B07557 /* Sources */ = {
			isa = PBXSourcesBuildPhase;
			buildActionMask = 2147483647;
			files = (
				8401FF3B1F730AFF00B07557 /* ReactiveCocaDemo1Tests.m in Sources */,
			);
			runOnlyForDeploymentPostprocessing = 0;
		};
		8401FF3D1F730AFF00B07557 /* Sources */ = {
			isa = PBXSourcesBuildPhase;
			buildActionMask = 2147483647;
			files = (
				8401FF461F730AFF00B07557 /* ReactiveCocaDemo1UITests.m in Sources */,
			);
			runOnlyForDeploymentPostprocessing = 0;
		};
/* End PBXSourcesBuildPhase section */

/* Begin PBXTargetDependency section */
		8401FF381F730AFF00B07557 /* PBXTargetDependency */ = {
			isa = PBXTargetDependency;
			target = 8401FF1C1F730AFF00B07557 /* ReactiveCocaDemo1 */;
			targetProxy = 8401FF371F730AFF00B07557 /* PBXContainerItemProxy */;
		};
		8401FF431F730AFF00B07557 /* PBXTargetDependency */ = {
			isa = PBXTargetDependency;
			target = 8401FF1C1F730AFF00B07557 /* ReactiveCocaDemo1 */;
			targetProxy = 8401FF421F730AFF00B07557 /* PBXContainerItemProxy */;
		};
/* End PBXTargetDependency section */

/* Begin PBXVariantGroup section */
		8401FF291F730AFF00B07557 /* Main.storyboard */ = {
			isa = PBXVariantGroup;
			children = (
				8401FF2A1F730AFF00B07557 /* Base */,
			);
			name = Main.storyboard;
			sourceTree = "<group>";
		};
		8401FF2E1F730AFF00B07557 /* LaunchScreen.storyboard */ = {
			isa = PBXVariantGroup;
			children = (
				8401FF2F1F730AFF00B07557 /* Base */,
			);
			name = LaunchScreen.storyboard;
			sourceTree = "<group>";
		};
/* End PBXVariantGroup section */

/* Begin XCBuildConfiguration section */
		8401FF481F730AFF00B07557 /* Debug */ = {
			isa = XCBuildConfiguration;
			buildSettings = {
				ALWAYS_SEARCH_USER_PATHS = NO;
				CLANG_ANALYZER_NONNULL = YES;
				CLANG_ANALYZER_NUMBER_OBJECT_CONVERSION = YES_AGGRESSIVE;
				CLANG_CXX_LANGUAGE_STANDARD = "gnu++0x";
				CLANG_CXX_LIBRARY = "libc++";
				CLANG_ENABLE_MODULES = YES;
				CLANG_ENABLE_OBJC_ARC = YES;
				CLANG_WARN_BLOCK_CAPTURE_AUTORELEASING = YES;
				CLANG_WARN_BOOL_CONVERSION = YES;
				CLANG_WARN_COMMA = YES;
				CLANG_WARN_CONSTANT_CONVERSION = YES;
				CLANG_WARN_DIRECT_OBJC_ISA_USAGE = YES_ERROR;
				CLANG_WARN_DOCUMENTATION_COMMENTS = YES;
				CLANG_WARN_EMPTY_BODY = YES;
				CLANG_WARN_ENUM_CONVERSION = YES;
				CLANG_WARN_INFINITE_RECURSION = YES;
				CLANG_WARN_INT_CONVERSION = YES;
				CLANG_WARN_NON_LITERAL_NULL_CONVERSION = YES;
				CLANG_WARN_OBJC_LITERAL_CONVERSION = YES;
				CLANG_WARN_OBJC_ROOT_CLASS = YES_ERROR;
				CLANG_WARN_RANGE_LOOP_ANALYSIS = YES;
				CLANG_WARN_STRICT_PROTOTYPES = YES;
				CLANG_WARN_SUSPICIOUS_MOVE = YES;
				CLANG_WARN_UNREACHABLE_CODE = YES;
				CLANG_WARN__DUPLICATE_METHOD_MATCH = YES;
				"CODE_SIGN_IDENTITY[sdk=iphoneos*]" = "iPhone Developer";
				COPY_PHASE_STRIP = NO;
				DEBUG_INFORMATION_FORMAT = dwarf;
				ENABLE_STRICT_OBJC_MSGSEND = YES;
				ENABLE_TESTABILITY = YES;
				GCC_C_LANGUAGE_STANDARD = gnu99;
				GCC_DYNAMIC_NO_PIC = NO;
				GCC_NO_COMMON_BLOCKS = YES;
				GCC_OPTIMIZATION_LEVEL = 0;
				GCC_PREPROCESSOR_DEFINITIONS = (
					"DEBUG=1",
					"$(inherited)",
				);
				GCC_WARN_64_TO_32_BIT_CONVERSION = YES;
				GCC_WARN_ABOUT_RETURN_TYPE = YES_ERROR;
				GCC_WARN_UNDECLARED_SELECTOR = YES;
				GCC_WARN_UNINITIALIZED_AUTOS = YES_AGGRESSIVE;
				GCC_WARN_UNUSED_FUNCTION = YES;
				GCC_WARN_UNUSED_VARIABLE = YES;
				IPHONEOS_DEPLOYMENT_TARGET = 10.3;
				MTL_ENABLE_DEBUG_INFO = YES;
				ONLY_ACTIVE_ARCH = YES;
				SDKROOT = iphoneos;
			};
			name = Debug;
		};
		8401FF491F730AFF00B07557 /* Release */ = {
			isa = XCBuildConfiguration;
			buildSettings = {
				ALWAYS_SEARCH_USER_PATHS = NO;
				CLANG_ANALYZER_NONNULL = YES;
				CLANG_ANALYZER_NUMBER_OBJECT_CONVERSION = YES_AGGRESSIVE;
				CLANG_CXX_LANGUAGE_STANDARD = "gnu++0x";
				CLANG_CXX_LIBRARY = "libc++";
				CLANG_ENABLE_MODULES = YES;
				CLANG_ENABLE_OBJC_ARC = YES;
				CLANG_WARN_BLOCK_CAPTURE_AUTORELEASING = YES;
				CLANG_WARN_BOOL_CONVERSION = YES;
				CLANG_WARN_COMMA = YES;
				CLANG_WARN_CONSTANT_CONVERSION = YES;
				CLANG_WARN_DIRECT_OBJC_ISA_USAGE = YES_ERROR;
				CLANG_WARN_DOCUMENTATION_COMMENTS = YES;
				CLANG_WARN_EMPTY_BODY = YES;
				CLANG_WARN_ENUM_CONVERSION = YES;
				CLANG_WARN_INFINITE_RECURSION = YES;
				CLANG_WARN_INT_CONVERSION = YES;
				CLANG_WARN_NON_LITERAL_NULL_CONVERSION = YES;
				CLANG_WARN_OBJC_LITERAL_CONVERSION = YES;
				CLANG_WARN_OBJC_ROOT_CLASS = YES_ERROR;
				CLANG_WARN_RANGE_LOOP_ANALYSIS = YES;
				CLANG_WARN_STRICT_PROTOTYPES = YES;
				CLANG_WARN_SUSPICIOUS_MOVE = YES;
				CLANG_WARN_UNREACHABLE_CODE = YES;
				CLANG_WARN__DUPLICATE_METHOD_MATCH = YES;
				"CODE_SIGN_IDENTITY[sdk=iphoneos*]" = "iPhone Developer";
				COPY_PHASE_STRIP = NO;
				DEBUG_INFORMATION_FORMAT = "dwarf-with-dsym";
				ENABLE_NS_ASSERTIONS = NO;
				ENABLE_STRICT_OBJC_MSGSEND = YES;
				GCC_C_LANGUAGE_STANDARD = gnu99;
				GCC_NO_COMMON_BLOCKS = YES;
				GCC_WARN_64_TO_32_BIT_CONVERSION = YES;
				GCC_WARN_ABOUT_RETURN_TYPE = YES_ERROR;
				GCC_WARN_UNDECLARED_SELECTOR = YES;
				GCC_WARN_UNINITIALIZED_AUTOS = YES_AGGRESSIVE;
				GCC_WARN_UNUSED_FUNCTION = YES;
				GCC_WARN_UNUSED_VARIABLE = YES;
				IPHONEOS_DEPLOYMENT_TARGET = 10.3;
				MTL_ENABLE_DEBUG_INFO = NO;
				SDKROOT = iphoneos;
				VALIDATE_PRODUCT = YES;
			};
			name = Release;
		};
		8401FF4B1F730AFF00B07557 /* Debug */ = {
			isa = XCBuildConfiguration;
			buildSettings = {
				ASSETCATALOG_COMPILER_APPICON_NAME = AppIcon;
				DEVELOPMENT_TEAM = X92HRP6SLX;
				GCC_PRECOMPILE_PREFIX_HEADER = YES;
				GCC_PREFIX_HEADER = "$(SRCROOT)/$(PROJECT_NAME)/PrefixHeader.pch";
				HEADER_SEARCH_PATHS = "$(BUILD_ROOT)/../IntermediateBuildFilesPath/UninstalledProducts/include";
				INFOPLIST_FILE = ReactiveCocaDemo1/Info.plist;
				LD_RUNPATH_SEARCH_PATHS = "$(inherited) @executable_path/Frameworks";
				"OTHER_LDFLAGS[arch=*]" = "-ObjC";
				PRODUCT_BUNDLE_IDENTIFIER = com.mobilestyles.ReactiveCocaDemo1;
				PRODUCT_NAME = "$(TARGET_NAME)";
			};
			name = Debug;
		};
		8401FF4C1F730AFF00B07557 /* Release */ = {
			isa = XCBuildConfiguration;
			buildSettings = {
				ASSETCATALOG_COMPILER_APPICON_NAME = AppIcon;
				DEVELOPMENT_TEAM = X92HRP6SLX;
				GCC_PRECOMPILE_PREFIX_HEADER = YES;
				GCC_PREFIX_HEADER = "$(SRCROOT)/$(PROJECT_NAME)/PrefixHeader.pch";
				HEADER_SEARCH_PATHS = "$(BUILD_ROOT)/../IntermediateBuildFilesPath/UninstalledProducts/include";
				INFOPLIST_FILE = ReactiveCocaDemo1/Info.plist;
				LD_RUNPATH_SEARCH_PATHS = "$(inherited) @executable_path/Frameworks";
				"OTHER_LDFLAGS[arch=*]" = "-ObjC";
				PRODUCT_BUNDLE_IDENTIFIER = com.mobilestyles.ReactiveCocaDemo1;
				PRODUCT_NAME = "$(TARGET_NAME)";
			};
			name = Release;
		};
		8401FF4E1F730AFF00B07557 /* Debug */ = {
			isa = XCBuildConfiguration;
			buildSettings = {
				BUNDLE_LOADER = "$(TEST_HOST)";
				DEVELOPMENT_TEAM = X92HRP6SLX;
				INFOPLIST_FILE = ReactiveCocaDemo1Tests/Info.plist;
				LD_RUNPATH_SEARCH_PATHS = "$(inherited) @executable_path/Frameworks @loader_path/Frameworks";
				PRODUCT_BUNDLE_IDENTIFIER = com.mobilestyles.ReactiveCocaDemo1Tests;
				PRODUCT_NAME = "$(TARGET_NAME)";
				TEST_HOST = "$(BUILT_PRODUCTS_DIR)/ReactiveCocaDemo1.app/ReactiveCocaDemo1";
			};
			name = Debug;
		};
		8401FF4F1F730AFF00B07557 /* Release */ = {
			isa = XCBuildConfiguration;
			buildSettings = {
				BUNDLE_LOADER = "$(TEST_HOST)";
				DEVELOPMENT_TEAM = X92HRP6SLX;
				INFOPLIST_FILE = ReactiveCocaDemo1Tests/Info.plist;
				LD_RUNPATH_SEARCH_PATHS = "$(inherited) @executable_path/Frameworks @loader_path/Frameworks";
				PRODUCT_BUNDLE_IDENTIFIER = com.mobilestyles.ReactiveCocaDemo1Tests;
				PRODUCT_NAME = "$(TARGET_NAME)";
				TEST_HOST = "$(BUILT_PRODUCTS_DIR)/ReactiveCocaDemo1.app/ReactiveCocaDemo1";
			};
			name = Release;
		};
		8401FF511F730AFF00B07557 /* Debug */ = {
			isa = XCBuildConfiguration;
			buildSettings = {
				DEVELOPMENT_TEAM = X92HRP6SLX;
				INFOPLIST_FILE = ReactiveCocaDemo1UITests/Info.plist;
				LD_RUNPATH_SEARCH_PATHS = "$(inherited) @executable_path/Frameworks @loader_path/Frameworks";
				PRODUCT_BUNDLE_IDENTIFIER = com.mobilestyles.ReactiveCocaDemo1UITests;
				PRODUCT_NAME = "$(TARGET_NAME)";
				TEST_TARGET_NAME = ReactiveCocaDemo1;
			};
			name = Debug;
		};
		8401FF521F730AFF00B07557 /* Release */ = {
			isa = XCBuildConfiguration;
			buildSettings = {
				DEVELOPMENT_TEAM = X92HRP6SLX;
				INFOPLIST_FILE = ReactiveCocaDemo1UITests/Info.plist;
				LD_RUNPATH_SEARCH_PATHS = "$(inherited) @executable_path/Frameworks @loader_path/Frameworks";
				PRODUCT_BUNDLE_IDENTIFIER = com.mobilestyles.ReactiveCocaDemo1UITests;
				PRODUCT_NAME = "$(TARGET_NAME)";
				TEST_TARGET_NAME = ReactiveCocaDemo1;
			};
			name = Release;
		};
/* End XCBuildConfiguration section */

/* Begin XCConfigurationList section */
		8401FF181F730AFF00B07557 /* Build configuration list for PBXProject "ReactiveCocaDemo1" */ = {
			isa = XCConfigurationList;
			buildConfigurations = (
				8401FF481F730AFF00B07557 /* Debug */,
				8401FF491F730AFF00B07557 /* Release */,
			);
			defaultConfigurationIsVisible = 0;
			defaultConfigurationName = Release;
		};
		8401FF4A1F730AFF00B07557 /* Build configuration list for PBXNativeTarget "ReactiveCocaDemo1" */ = {
			isa = XCConfigurationList;
			buildConfigurations = (
				8401FF4B1F730AFF00B07557 /* Debug */,
				8401FF4C1F730AFF00B07557 /* Release */,
			);
			defaultConfigurationIsVisible = 0;
			defaultConfigurationName = Release;
		};
		8401FF4D1F730AFF00B07557 /* Build configuration list for PBXNativeTarget "ReactiveCocaDemo1Tests" */ = {
			isa = XCConfigurationList;
			buildConfigurations = (
				8401FF4E1F730AFF00B07557 /* Debug */,
				8401FF4F1F730AFF00B07557 /* Release */,
			);
			defaultConfigurationIsVisible = 0;
			defaultConfigurationName = Release;
		};
		8401FF501F730AFF00B07557 /* Build configuration list for PBXNativeTarget "ReactiveCocaDemo1UITests" */ = {
			isa = XCConfigurationList;
			buildConfigurations = (
				8401FF511F730AFF00B07557 /* Debug */,
				8401FF521F730AFF00B07557 /* Release */,
			);
			defaultConfigurationIsVisible = 0;
			defaultConfigurationName = Release;
		};
/* End XCConfigurationList section */
	};
	rootObject = 8401FF151F730AFF00B07557 /* Project object */;
}
