// !$*UTF8*$!
{
	archiveVersion = 1;
	classes = {
	};
	objectVersion = 48;
	objects = {

/* Begin PBXBuildFile section */
		359D1F93F0FC82814B7309AD /* Pods_RxSwift_1.framework in Frameworks */ = {isa = PBXBuildFile; fileRef = 7B4035856E0F2729899405DD /* Pods_RxSwift_1.framework */; };
		3D4739802074523A00CEF6ED /* AppDelegate.swift in Sources */ = {isa = PBXBuildFile; fileRef = 3D47397F2074523A00CEF6ED /* AppDelegate.swift */; };
		3D4739852074523A00CEF6ED /* Main.storyboard in Resources */ = {isa = PBXBuildFile; fileRef = 3D4739832074523A00CEF6ED /* Main.storyboard */; };
		3D4739872074523A00CEF6ED /* Assets.xcassets in Resources */ = {isa = PBXBuildFile; fileRef = 3D4739862074523A00CEF6ED /* Assets.xcassets */; };
		3D47398A2074523A00CEF6ED /* LaunchScreen.storyboard in Resources */ = {isa = PBXBuildFile; fileRef = 3D4739882074523A00CEF6ED /* LaunchScreen.storyboard */; };
		3D4739962074562F00CEF6ED /* GZNavigationViewController.swift in Sources */ = {isa = PBXBuildFile; fileRef = 3D4739952074562F00CEF6ED /* GZNavigationViewController.swift */; };
		3D4739982074569A00CEF6ED /* GZTableViewController.swift in Sources */ = {isa = PBXBuildFile; fileRef = 3D4739972074569A00CEF6ED /* GZTableViewController.swift */; };
		3D47399A207456D100CEF6ED /* GZCartViewController.swift in Sources */ = {isa = PBXBuildFile; fileRef = 3D473999207456D100CEF6ED /* GZCartViewController.swift */; };
		3D47399C207456F700CEF6ED /* GZBillingInfoViewController.swift in Sources */ = {isa = PBXBuildFile; fileRef = 3D47399B207456F700CEF6ED /* GZBillingInfoViewController.swift */; };
		3D47399E2074573F00CEF6ED /* GZCompleteViewController.swift in Sources */ = {isa = PBXBuildFile; fileRef = 3D47399D2074573F00CEF6ED /* GZCompleteViewController.swift */; };
		3D4739A0207459EA00CEF6ED /* Chocolate.swift in Sources */ = {isa = PBXBuildFile; fileRef = 3D47399F207459EA00CEF6ED /* Chocolate.swift */; };
		3D4739A220745E2B00CEF6ED /* ChocolateCell.swift in Sources */ = {isa = PBXBuildFile; fileRef = 3D4739A120745E2B00CEF6ED /* ChocolateCell.swift */; };
		3D4739A420745F2600CEF6ED /* CurrencyFormatter.swift in Sources */ = {isa = PBXBuildFile; fileRef = 3D4739A320745F2600CEF6ED /* CurrencyFormatter.swift */; };
		3D4739A62074605C00CEF6ED /* ShoppingCart.swift in Sources */ = {isa = PBXBuildFile; fileRef = 3D4739A52074605C00CEF6ED /* ShoppingCart.swift */; };
		3D4739A8207461E100CEF6ED /* ChocolateButton.swift in Sources */ = {isa = PBXBuildFile; fileRef = 3D4739A7207461E100CEF6ED /* ChocolateButton.swift */; };
		3D4739AA2074699700CEF6ED /* ValidatingTextField.swift in Sources */ = {isa = PBXBuildFile; fileRef = 3D4739A92074699700CEF6ED /* ValidatingTextField.swift */; };
		3D4739AC20746B3500CEF6ED /* SegueHandler.swift in Sources */ = {isa = PBXBuildFile; fileRef = 3D4739AB20746B3500CEF6ED /* SegueHandler.swift */; };
		3D4739AE20746FE200CEF6ED /* CardType.swift in Sources */ = {isa = PBXBuildFile; fileRef = 3D4739AD20746FE200CEF6ED /* CardType.swift */; };
		3D4739B3207471DF00CEF6ED /* String+CreditCard.swift in Sources */ = {isa = PBXBuildFile; fileRef = 3D4739B2207471DF00CEF6ED /* String+CreditCard.swift */; };
		3D4739B52074723800CEF6ED /* ImageName.swift in Sources */ = {isa = PBXBuildFile; fileRef = 3D4739B42074723800CEF6ED /* ImageName.swift */; };
		3D4739BC2075F11B00CEF6ED /* DebugLog.swift in Sources */ = {isa = PBXBuildFile; fileRef = 3D4739BB2075F11B00CEF6ED /* DebugLog.swift */; };
/* End PBXBuildFile section */

/* Begin PBXFileReference section */
		0FAD5652F89B526446C0F0B1 /* Pods-RxSwift-1.release.xcconfig */ = {isa = PBXFileReference; includeInIndex = 1; lastKnownFileType = text.xcconfig; name = "Pods-RxSwift-1.release.xcconfig"; path = "Pods/Target Support Files/Pods-RxSwift-1/Pods-RxSwift-1.release.xcconfig"; sourceTree = "<group>"; };
		3D47397C2074523A00CEF6ED /* RxSwift-1.app */ = {isa = PBXFileReference; explicitFileType = wrapper.application; includeInIndex = 0; path = "RxSwift-1.app"; sourceTree = BUILT_PRODUCTS_DIR; };
		3D47397F2074523A00CEF6ED /* AppDelegate.swift */ = {isa = PBXFileReference; lastKnownFileType = sourcecode.swift; path = AppDelegate.swift; sourceTree = "<group>"; };
		3D4739842074523A00CEF6ED /* Base */ = {isa = PBXFileReference; lastKnownFileType = file.storyboard; name = Base; path = Base.lproj/Main.storyboard; sourceTree = "<group>"; };
		3D4739862074523A00CEF6ED /* Assets.xcassets */ = {isa = PBXFileReference; lastKnownFileType = folder.assetcatalog; path = Assets.xcassets; sourceTree = "<group>"; };
		3D4739892074523A00CEF6ED /* Base */ = {isa = PBXFileReference; lastKnownFileType = file.storyboard; name = Base; path = Base.lproj/LaunchScreen.storyboard; sourceTree = "<group>"; };
		3D47398B2074523A00CEF6ED /* Info.plist */ = {isa = PBXFileReference; lastKnownFileType = text.plist.xml; path = Info.plist; sourceTree = "<group>"; };
		3D4739952074562F00CEF6ED /* GZNavigationViewController.swift */ = {isa = PBXFileReference; lastKnownFileType = sourcecode.swift; path = GZNavigationViewController.swift; sourceTree = "<group>"; };
		3D4739972074569A00CEF6ED /* GZTableViewController.swift */ = {isa = PBXFileReference; lastKnownFileType = sourcecode.swift; path = GZTableViewController.swift; sourceTree = "<group>"; };
		3D473999207456D100CEF6ED /* GZCartViewController.swift */ = {isa = PBXFileReference; lastKnownFileType = sourcecode.swift; path = GZCartViewController.swift; sourceTree = "<group>"; };
		3D47399B207456F700CEF6ED /* GZBillingInfoViewController.swift */ = {isa = PBXFileReference; lastKnownFileType = sourcecode.swift; path = GZBillingInfoViewController.swift; sourceTree = "<group>"; };
		3D47399D2074573F00CEF6ED /* GZCompleteViewController.swift */ = {isa = PBXFileReference; lastKnownFileType = sourcecode.swift; path = GZCompleteViewController.swift; sourceTree = "<group>"; };
		3D47399F207459EA00CEF6ED /* Chocolate.swift */ = {isa = PBXFileReference; lastKnownFileType = sourcecode.swift; path = Chocolate.swift; sourceTree = "<group>"; };
		3D4739A120745E2B00CEF6ED /* ChocolateCell.swift */ = {isa = PBXFileReference; lastKnownFileType = sourcecode.swift; path = ChocolateCell.swift; sourceTree = "<group>"; };
		3D4739A320745F2600CEF6ED /* CurrencyFormatter.swift */ = {isa = PBXFileReference; lastKnownFileType = sourcecode.swift; path = CurrencyFormatter.swift; sourceTree = "<group>"; };
		3D4739A52074605C00CEF6ED /* ShoppingCart.swift */ = {isa = PBXFileReference; lastKnownFileType = sourcecode.swift; path = ShoppingCart.swift; sourceTree = "<group>"; };
		3D4739A7207461E100CEF6ED /* ChocolateButton.swift */ = {isa = PBXFileReference; lastKnownFileType = sourcecode.swift; path = ChocolateButton.swift; sourceTree = "<group>"; };
		3D4739A92074699700CEF6ED /* ValidatingTextField.swift */ = {isa = PBXFileReference; lastKnownFileType = sourcecode.swift; path = ValidatingTextField.swift; sourceTree = "<group>"; };
		3D4739AB20746B3500CEF6ED /* SegueHandler.swift */ = {isa = PBXFileReference; lastKnownFileType = sourcecode.swift; path = SegueHandler.swift; sourceTree = "<group>"; };
		3D4739AD20746FE200CEF6ED /* CardType.swift */ = {isa = PBXFileReference; lastKnownFileType = sourcecode.swift; path = CardType.swift; sourceTree = "<group>"; };
		3D4739B2207471DF00CEF6ED /* String+CreditCard.swift */ = {isa = PBXFileReference; lastKnownFileType = sourcecode.swift; path = "String+CreditCard.swift"; sourceTree = "<group>"; };
		3D4739B42074723800CEF6ED /* ImageName.swift */ = {isa = PBXFileReference; lastKnownFileType = sourcecode.swift; path = ImageName.swift; sourceTree = "<group>"; };
		3D4739BB2075F11B00CEF6ED /* DebugLog.swift */ = {isa = PBXFileReference; lastKnownFileType = sourcecode.swift; path = DebugLog.swift; sourceTree = "<group>"; };
		7B4035856E0F2729899405DD /* Pods_RxSwift_1.framework */ = {isa = PBXFileReference; explicitFileType = wrapper.framework; includeInIndex = 0; path = Pods_RxSwift_1.framework; sourceTree = BUILT_PRODUCTS_DIR; };
		FAE0C3744A17F5C8DA16CB2F /* Pods-RxSwift-1.debug.xcconfig */ = {isa = PBXFileReference; includeInIndex = 1; lastKnownFileType = text.xcconfig; name = "Pods-RxSwift-1.debug.xcconfig"; path = "Pods/Target Support Files/Pods-RxSwift-1/Pods-RxSwift-1.debug.xcconfig"; sourceTree = "<group>"; };
/* End PBXFileReference section */

/* Begin PBXFrameworksBuildPhase section */
		3D4739792074523A00CEF6ED /* Frameworks */ = {
			isa = PBXFrameworksBuildPhase;
			buildActionMask = 2147483647;
			files = (
				359D1F93F0FC82814B7309AD /* Pods_RxSwift_1.framework in Frameworks */,
			);
			runOnlyForDeploymentPostprocessing = 0;
		};
/* End PBXFrameworksBuildPhase section */

/* Begin PBXGroup section */
		1F20464CFAB4078E5E6B24F3 /* Pods */ = {
			isa = PBXGroup;
			children = (
				FAE0C3744A17F5C8DA16CB2F /* Pods-RxSwift-1.debug.xcconfig */,
				0FAD5652F89B526446C0F0B1 /* Pods-RxSwift-1.release.xcconfig */,
			);
			name = Pods;
			sourceTree = "<group>";
		};
		3D4739732074523A00CEF6ED = {
			isa = PBXGroup;
			children = (
				3D47397E2074523A00CEF6ED /* RxSwift-1 */,
				3D47397D2074523A00CEF6ED /* Products */,
				1F20464CFAB4078E5E6B24F3 /* Pods */,
				7E0CE1E7E59D7BE8131872D1 /* Frameworks */,
			);
			sourceTree = "<group>";
		};
		3D47397D2074523A00CEF6ED /* Products */ = {
			isa = PBXGroup;
			children = (
				3D47397C2074523A00CEF6ED /* RxSwift-1.app */,
			);
			name = Products;
			sourceTree = "<group>";
		};
		3D47397E2074523A00CEF6ED /* RxSwift-1 */ = {
			isa = PBXGroup;
			children = (
				3D4739BA2075F0EC00CEF6ED /* Utils */,
				3D4739AF2074719A00CEF6ED /* Extensions */,
				3D4739942074553D00CEF6ED /* Views */,
				3D4739922074552B00CEF6ED /* Protocols */,
				3D4739912074551E00CEF6ED /* Models */,
				3D47397F2074523A00CEF6ED /* AppDelegate.swift */,
				3D4739952074562F00CEF6ED /* GZNavigationViewController.swift */,
				3D4739972074569A00CEF6ED /* GZTableViewController.swift */,
				3D473999207456D100CEF6ED /* GZCartViewController.swift */,
				3D47399B207456F700CEF6ED /* GZBillingInfoViewController.swift */,
				3D47399D2074573F00CEF6ED /* GZCompleteViewController.swift */,
				3D4739832074523A00CEF6ED /* Main.storyboard */,
				3D4739862074523A00CEF6ED /* Assets.xcassets */,
				3D4739882074523A00CEF6ED /* LaunchScreen.storyboard */,
				3D47398B2074523A00CEF6ED /* Info.plist */,
			);
			path = "RxSwift-1";
			sourceTree = "<group>";
		};
		3D4739912074551E00CEF6ED /* Models */ = {
			isa = PBXGroup;
			children = (
				3D47399F207459EA00CEF6ED /* Chocolate.swift */,
				3D4739B42074723800CEF6ED /* ImageName.swift */,
				3D4739AD20746FE200CEF6ED /* CardType.swift */,
				3D4739A52074605C00CEF6ED /* ShoppingCart.swift */,
				3D4739A320745F2600CEF6ED /* CurrencyFormatter.swift */,
			);
			path = Models;
			sourceTree = "<group>";
		};
		3D4739922074552B00CEF6ED /* Protocols */ = {
			isa = PBXGroup;
			children = (
				3D4739AB20746B3500CEF6ED /* SegueHandler.swift */,
			);
			path = Protocols;
			sourceTree = "<group>";
		};
		3D4739942074553D00CEF6ED /* Views */ = {
			isa = PBXGroup;
			children = (
				3D4739A120745E2B00CEF6ED /* ChocolateCell.swift */,
				3D4739A7207461E100CEF6ED /* ChocolateButton.swift */,
				3D4739A92074699700CEF6ED /* ValidatingTextField.swift */,
			);
			path = Views;
			sourceTree = "<group>";
		};
		3D4739AF2074719A00CEF6ED /* Extensions */ = {
			isa = PBXGroup;
			children = (
				3D4739B2207471DF00CEF6ED /* String+CreditCard.swift */,
			);
			path = Extensions;
			sourceTree = "<group>";
		};
		3D4739BA2075F0EC00CEF6ED /* Utils */ = {
			isa = PBXGroup;
			children = (
				3D4739BB2075F11B00CEF6ED /* DebugLog.swift */,
			);
			path = Utils;
			sourceTree = "<group>";
		};
		7E0CE1E7E59D7BE8131872D1 /* Frameworks */ = {
			isa = PBXGroup;
			children = (
				7B4035856E0F2729899405DD /* Pods_RxSwift_1.framework */,
			);
			name = Frameworks;
			sourceTree = "<group>";
		};
/* End PBXGroup section */

/* Begin PBXNativeTarget section */
		3D47397B2074523A00CEF6ED /* RxSwift-1 */ = {
			isa = PBXNativeTarget;
			buildConfigurationList = 3D47398E2074523A00CEF6ED /* Build configuration list for PBXNativeTarget "RxSwift-1" */;
			buildPhases = (
				6F968DEBDBA2A462C0A16B7B /* [CP] Check Pods Manifest.lock */,
				3D4739782074523A00CEF6ED /* Sources */,
				3D4739792074523A00CEF6ED /* Frameworks */,
				3D47397A2074523A00CEF6ED /* Resources */,
				650576A5B8DD82B7AE8007F6 /* [CP] Embed Pods Frameworks */,
				C05B3BC8A53B78D7609BCD81 /* [CP] Copy Pods Resources */,
			);
			buildRules = (
			);
			dependencies = (
			);
			name = "RxSwift-1";
			productName = "RxSwift-1";
			productReference = 3D47397C2074523A00CEF6ED /* RxSwift-1.app */;
			productType = "com.apple.product-type.application";
		};
/* End PBXNativeTarget section */

/* Begin PBXProject section */
		3D4739742074523A00CEF6ED /* Project object */ = {
			isa = PBXProject;
			attributes = {
				LastSwiftUpdateCheck = 0920;
				LastUpgradeCheck = 0920;
				ORGANIZATIONNAME = ULS;
				TargetAttributes = {
					3D47397B2074523A00CEF6ED = {
						CreatedOnToolsVersion = 9.2;
						ProvisioningStyle = Automatic;
					};
				};
			};
			buildConfigurationList = 3D4739772074523A00CEF6ED /* Build configuration list for PBXProject "RxSwift-1" */;
			compatibilityVersion = "Xcode 8.0";
			developmentRegion = en;
			hasScannedForEncodings = 0;
			knownRegions = (
				en,
				Base,
			);
			mainGroup = 3D4739732074523A00CEF6ED;
			productRefGroup = 3D47397D2074523A00CEF6ED /* Products */;
			projectDirPath = "";
			projectRoot = "";
			targets = (
				3D47397B2074523A00CEF6ED /* RxSwift-1 */,
			);
		};
/* End PBXProject section */

/* Begin PBXResourcesBuildPhase section */
		3D47397A2074523A00CEF6ED /* Resources */ = {
			isa = PBXResourcesBuildPhase;
			buildActionMask = 2147483647;
			files = (
				3D47398A2074523A00CEF6ED /* LaunchScreen.storyboard in Resources */,
				3D4739872074523A00CEF6ED /* Assets.xcassets in Resources */,
				3D4739852074523A00CEF6ED /* Main.storyboard in Resources */,
			);
			runOnlyForDeploymentPostprocessing = 0;
		};
/* End PBXResourcesBuildPhase section */

/* Begin PBXShellScriptBuildPhase section */
		650576A5B8DD82B7AE8007F6 /* [CP] Embed Pods Frameworks */ = {
			isa = PBXShellScriptBuildPhase;
			buildActionMask = 2147483647;
			files = (
			);
			inputPaths = (
				"${SRCROOT}/Pods/Target Support Files/Pods-RxSwift-1/Pods-RxSwift-1-frameworks.sh",
				"${BUILT_PRODUCTS_DIR}/RxCocoa/RxCocoa.framework",
				"${BUILT_PRODUCTS_DIR}/RxSwift/RxSwift.framework",
			);
			name = "[CP] Embed Pods Frameworks";
			outputPaths = (
				"${TARGET_BUILD_DIR}/${FRAMEWORKS_FOLDER_PATH}/RxCocoa.framework",
				"${TARGET_BUILD_DIR}/${FRAMEWORKS_FOLDER_PATH}/RxSwift.framework",
			);
			runOnlyForDeploymentPostprocessing = 0;
			shellPath = /bin/sh;
			shellScript = "\"${SRCROOT}/Pods/Target Support Files/Pods-RxSwift-1/Pods-RxSwift-1-frameworks.sh\"\n";
			showEnvVarsInLog = 0;
		};
		6F968DEBDBA2A462C0A16B7B /* [CP] Check Pods Manifest.lock */ = {
			isa = PBXShellScriptBuildPhase;
			buildActionMask = 2147483647;
			files = (
			);
			inputPaths = (
				"${PODS_PODFILE_DIR_PATH}/Podfile.lock",
				"${PODS_ROOT}/Manifest.lock",
			);
			name = "[CP] Check Pods Manifest.lock";
			outputPaths = (
				"$(DERIVED_FILE_DIR)/Pods-RxSwift-1-checkManifestLockResult.txt",
			);
			runOnlyForDeploymentPostprocessing = 0;
			shellPath = /bin/sh;
			shellScript = "diff \"${PODS_PODFILE_DIR_PATH}/Podfile.lock\" \"${PODS_ROOT}/Manifest.lock\" > /dev/null\nif [ $? != 0 ] ; then\n    # print error to STDERR\n    echo \"error: The sandbox is not in sync with the Podfile.lock. Run 'pod install' or update your CocoaPods installation.\" >&2\n    exit 1\nfi\n# This output is used by Xcode 'outputs' to avoid re-running this script phase.\necho \"SUCCESS\" > \"${SCRIPT_OUTPUT_FILE_0}\"\n";
			showEnvVarsInLog = 0;
		};
		C05B3BC8A53B78D7609BCD81 /* [CP] Copy Pods Resources */ = {
			isa = PBXShellScriptBuildPhase;
			buildActionMask = 2147483647;
			files = (
			);
			inputPaths = (
			);
			name = "[CP] Copy Pods Resources";
			outputPaths = (
			);
			runOnlyForDeploymentPostprocessing = 0;
			shellPath = /bin/sh;
			shellScript = "\"${SRCROOT}/Pods/Target Support Files/Pods-RxSwift-1/Pods-RxSwift-1-resources.sh\"\n";
			showEnvVarsInLog = 0;
		};
/* End PBXShellScriptBuildPhase section */

/* Begin PBXSourcesBuildPhase section */
		3D4739782074523A00CEF6ED /* Sources */ = {
			isa = PBXSourcesBuildPhase;
			buildActionMask = 2147483647;
			files = (
				3D4739A220745E2B00CEF6ED /* ChocolateCell.swift in Sources */,
				3D4739BC2075F11B00CEF6ED /* DebugLog.swift in Sources */,
				3D4739B3207471DF00CEF6ED /* String+CreditCard.swift in Sources */,
				3D4739982074569A00CEF6ED /* GZTableViewController.swift in Sources */,
				3D4739A0207459EA00CEF6ED /* Chocolate.swift in Sources */,
				3D4739AE20746FE200CEF6ED /* CardType.swift in Sources */,
				3D4739962074562F00CEF6ED /* GZNavigationViewController.swift in Sources */,
				3D4739802074523A00CEF6ED /* AppDelegate.swift in Sources */,
				3D4739A62074605C00CEF6ED /* ShoppingCart.swift in Sources */,
				3D4739A8207461E100CEF6ED /* ChocolateButton.swift in Sources */,
				3D47399A207456D100CEF6ED /* GZCartViewController.swift in Sources */,
				3D4739AC20746B3500CEF6ED /* SegueHandler.swift in Sources */,
				3D4739AA2074699700CEF6ED /* ValidatingTextField.swift in Sources */,
				3D47399E2074573F00CEF6ED /* GZCompleteViewController.swift in Sources */,
				3D4739A420745F2600CEF6ED /* CurrencyFormatter.swift in Sources */,
				3D4739B52074723800CEF6ED /* ImageName.swift in Sources */,
				3D47399C207456F700CEF6ED /* GZBillingInfoViewController.swift in Sources */,
			);
			runOnlyForDeploymentPostprocessing = 0;
		};
/* End PBXSourcesBuildPhase section */

/* Begin PBXVariantGroup section */
		3D4739832074523A00CEF6ED /* Main.storyboard */ = {
			isa = PBXVariantGroup;
			children = (
				3D4739842074523A00CEF6ED /* Base */,
			);
			name = Main.storyboard;
			sourceTree = "<group>";
		};
		3D4739882074523A00CEF6ED /* LaunchScreen.storyboard */ = {
			isa = PBXVariantGroup;
			children = (
				3D4739892074523A00CEF6ED /* Base */,
			);
			name = LaunchScreen.storyboard;
			sourceTree = "<group>";
		};
/* End PBXVariantGroup section */

/* Begin XCBuildConfiguration section */
		3D47398C2074523A00CEF6ED /* Debug */ = {
			isa = XCBuildConfiguration;
			buildSettings = {
				ALWAYS_SEARCH_USER_PATHS = NO;
				CLANG_ANALYZER_NONNULL = YES;
				CLANG_ANALYZER_NUMBER_OBJECT_CONVERSION = YES_AGGRESSIVE;
				CLANG_CXX_LANGUAGE_STANDARD = "gnu++14";
				CLANG_CXX_LIBRARY = "libc++";
				CLANG_ENABLE_MODULES = YES;
				CLANG_ENABLE_OBJC_ARC = YES;
				CLANG_WARN_BLOCK_CAPTURE_AUTORELEASING = YES;
				CLANG_WARN_BOOL_CONVERSION = YES;
				CLANG_WARN_COMMA = YES;
				CLANG_WARN_CONSTANT_CONVERSION = YES;
				CLANG_WARN_DIRECT_OBJC_ISA_USAGE = YES_ERROR;
				CLANG_WARN_DOCUMENTATION_COMMENTS = YES;
				CLANG_WARN_EMPTY_BODY = YES;
				CLANG_WARN_ENUM_CONVERSION = YES;
				CLANG_WARN_INFINITE_RECURSION = YES;
				CLANG_WARN_INT_CONVERSION = YES;
				CLANG_WARN_NON_LITERAL_NULL_CONVERSION = YES;
				CLANG_WARN_OBJC_LITERAL_CONVERSION = YES;
				CLANG_WARN_OBJC_ROOT_CLASS = YES_ERROR;
				CLANG_WARN_RANGE_LOOP_ANALYSIS = YES;
				CLANG_WARN_STRICT_PROTOTYPES = YES;
				CLANG_WARN_SUSPICIOUS_MOVE = YES;
				CLANG_WARN_UNGUARDED_AVAILABILITY = YES_AGGRESSIVE;
				CLANG_WARN_UNREACHABLE_CODE = YES;
				CLANG_WARN__DUPLICATE_METHOD_MATCH = YES;
				CODE_SIGN_IDENTITY = "iPhone Developer";
				COPY_PHASE_STRIP = NO;
				DEBUG_INFORMATION_FORMAT = dwarf;
				ENABLE_STRICT_OBJC_MSGSEND = YES;
				ENABLE_TESTABILITY = YES;
				GCC_C_LANGUAGE_STANDARD = gnu11;
				GCC_DYNAMIC_NO_PIC = NO;
				GCC_NO_COMMON_BLOCKS = YES;
				GCC_OPTIMIZATION_LEVEL = 0;
				GCC_PREPROCESSOR_DEFINITIONS = (
					"DEBUG=1",
					"$(inherited)",
				);
				GCC_WARN_64_TO_32_BIT_CONVERSION = YES;
				GCC_WARN_ABOUT_RETURN_TYPE = YES_ERROR;
				GCC_WARN_UNDECLARED_SELECTOR = YES;
				GCC_WARN_UNINITIALIZED_AUTOS = YES_AGGRESSIVE;
				GCC_WARN_UNUSED_FUNCTION = YES;
				GCC_WARN_UNUSED_VARIABLE = YES;
				IPHONEOS_DEPLOYMENT_TARGET = 11.2;
				MTL_ENABLE_DEBUG_INFO = YES;
				ONLY_ACTIVE_ARCH = YES;
				SDKROOT = iphoneos;
				SWIFT_ACTIVE_COMPILATION_CONDITIONS = DEBUG;
				SWIFT_OPTIMIZATION_LEVEL = "-Onone";
			};
			name = Debug;
		};
		3D47398D2074523A00CEF6ED /* Release */ = {
			isa = XCBuildConfiguration;
			buildSettings = {
				ALWAYS_SEARCH_USER_PATHS = NO;
				CLANG_ANALYZER_NONNULL = YES;
				CLANG_ANALYZER_NUMBER_OBJECT_CONVERSION = YES_AGGRESSIVE;
				CLANG_CXX_LANGUAGE_STANDARD = "gnu++14";
				CLANG_CXX_LIBRARY = "libc++";
				CLANG_ENABLE_MODULES = YES;
				CLANG_ENABLE_OBJC_ARC = YES;
				CLANG_WARN_BLOCK_CAPTURE_AUTORELEASING = YES;
				CLANG_WARN_BOOL_CONVERSION = YES;
				CLANG_WARN_COMMA = YES;
				CLANG_WARN_CONSTANT_CONVERSION = YES;
				CLANG_WARN_DIRECT_OBJC_ISA_USAGE = YES_ERROR;
				CLANG_WARN_DOCUMENTATION_COMMENTS = YES;
				CLANG_WARN_EMPTY_BODY = YES;
				CLANG_WARN_ENUM_CONVERSION = YES;
				CLANG_WARN_INFINITE_RECURSION = YES;
				CLANG_WARN_INT_CONVERSION = YES;
				CLANG_WARN_NON_LITERAL_NULL_CONVERSION = YES;
				CLANG_WARN_OBJC_LITERAL_CONVERSION = YES;
				CLANG_WARN_OBJC_ROOT_CLASS = YES_ERROR;
				CLANG_WARN_RANGE_LOOP_ANALYSIS = YES;
				CLANG_WARN_STRICT_PROTOTYPES = YES;
				CLANG_WARN_SUSPICIOUS_MOVE = YES;
				CLANG_WARN_UNGUARDED_AVAILABILITY = YES_AGGRESSIVE;
				CLANG_WARN_UNREACHABLE_CODE = YES;
				CLANG_WARN__DUPLICATE_METHOD_MATCH = YES;
				CODE_SIGN_IDENTITY = "iPhone Developer";
				COPY_PHASE_STRIP = NO;
				DEBUG_INFORMATION_FORMAT = "dwarf-with-dsym";
				ENABLE_NS_ASSERTIONS = NO;
				ENABLE_STRICT_OBJC_MSGSEND = YES;
				GCC_C_LANGUAGE_STANDARD = gnu11;
				GCC_NO_COMMON_BLOCKS = YES;
				GCC_WARN_64_TO_32_BIT_CONVERSION = YES;
				GCC_WARN_ABOUT_RETURN_TYPE = YES_ERROR;
				GCC_WARN_UNDECLARED_SELECTOR = YES;
				GCC_WARN_UNINITIALIZED_AUTOS = YES_AGGRESSIVE;
				GCC_WARN_UNUSED_FUNCTION = YES;
				GCC_WARN_UNUSED_VARIABLE = YES;
				IPHONEOS_DEPLOYMENT_TARGET = 11.2;
				MTL_ENABLE_DEBUG_INFO = NO;
				SDKROOT = iphoneos;
				SWIFT_OPTIMIZATION_LEVEL = "-Owholemodule";
				VALIDATE_PRODUCT = YES;
			};
			name = Release;
		};
		3D47398F2074523A00CEF6ED /* Debug */ = {
			isa = XCBuildConfiguration;
			baseConfigurationReference = FAE0C3744A17F5C8DA16CB2F /* Pods-RxSwift-1.debug.xcconfig */;
			buildSettings = {
				ASSETCATALOG_COMPILER_APPICON_NAME = AppIcon;
				CODE_SIGN_STYLE = Automatic;
				DEVELOPMENT_TEAM = J9PKQ8Y5Y3;
				INFOPLIST_FILE = "RxSwift-1/Info.plist";
				LD_RUNPATH_SEARCH_PATHS = "$(inherited) @executable_path/Frameworks";
				PRODUCT_BUNDLE_IDENTIFIER = "com.gongzhen.RxSwift-1";
				PRODUCT_NAME = "$(TARGET_NAME)";
				SWIFT_VERSION = 4.0;
				TARGETED_DEVICE_FAMILY = "1,2";
			};
			name = Debug;
		};
		3D4739902074523A00CEF6ED /* Release */ = {
			isa = XCBuildConfiguration;
			baseConfigurationReference = 0FAD5652F89B526446C0F0B1 /* Pods-RxSwift-1.release.xcconfig */;
			buildSettings = {
				ASSETCATALOG_COMPILER_APPICON_NAME = AppIcon;
				CODE_SIGN_STYLE = Automatic;
				DEVELOPMENT_TEAM = J9PKQ8Y5Y3;
				INFOPLIST_FILE = "RxSwift-1/Info.plist";
				LD_RUNPATH_SEARCH_PATHS = "$(inherited) @executable_path/Frameworks";
				PRODUCT_BUNDLE_IDENTIFIER = "com.gongzhen.RxSwift-1";
				PRODUCT_NAME = "$(TARGET_NAME)";
				SWIFT_VERSION = 4.0;
				TARGETED_DEVICE_FAMILY = "1,2";
			};
			name = Release;
		};
/* End XCBuildConfiguration section */

/* Begin XCConfigurationList section */
		3D4739772074523A00CEF6ED /* Build configuration list for PBXProject "RxSwift-1" */ = {
			isa = XCConfigurationList;
			buildConfigurations = (
				3D47398C2074523A00CEF6ED /* Debug */,
				3D47398D2074523A00CEF6ED /* Release */,
			);
			defaultConfigurationIsVisible = 0;
			defaultConfigurationName = Release;
		};
		3D47398E2074523A00CEF6ED /* Build configuration list for PBXNativeTarget "RxSwift-1" */ = {
			isa = XCConfigurationList;
			buildConfigurations = (
				3D47398F2074523A00CEF6ED /* Debug */,
				3D4739902074523A00CEF6ED /* Release */,
			);
			defaultConfigurationIsVisible = 0;
			defaultConfigurationName = Release;
		};
/* End XCConfigurationList section */
	};
	rootObject = 3D4739742074523A00CEF6ED /* Project object */;
}
