// !$*UTF8*$!
{
	archiveVersion = 1;
	classes = {
	};
	objectVersion = 50;
	objects = {

/* Begin PBXBuildFile section */
		118C043B5E59EA6BB3700EC5 /* Pods_ReactiveCocoaSwiftPods.framework in Frameworks */ = {isa = PBXBuildFile; fileRef = 29A6E8A31D0010DB6D20C92B /* Pods_ReactiveCocoaSwiftPods.framework */; };
		603F30D52186782400906383 /* AppDelegate.swift in Sources */ = {isa = PBXBuildFile; fileRef = 603F30D42186782400906383 /* AppDelegate.swift */; };
		603F30D72186782400906383 /* ViewController.swift in Sources */ = {isa = PBXBuildFile; fileRef = 603F30D62186782400906383 /* ViewController.swift */; };
		603F30DA2186782400906383 /* Main.storyboard in Resources */ = {isa = PBXBuildFile; fileRef = 603F30D82186782400906383 /* Main.storyboard */; };
		603F30DC2186782500906383 /* Assets.xcassets in Resources */ = {isa = PBXBuildFile; fileRef = 603F30DB2186782500906383 /* Assets.xcassets */; };
		603F30DF2186782500906383 /* LaunchScreen.storyboard in Resources */ = {isa = PBXBuildFile; fileRef = 603F30DD2186782500906383 /* LaunchScreen.storyboard */; };
		603F30EA2186782500906383 /* ReactiveCocoaSwiftPodsTests.swift in Sources */ = {isa = PBXBuildFile; fileRef = 603F30E92186782500906383 /* ReactiveCocoaSwiftPodsTests.swift */; };
		603F30F52186782500906383 /* ReactiveCocoaSwiftPodsUITests.swift in Sources */ = {isa = PBXBuildFile; fileRef = 603F30F42186782500906383 /* ReactiveCocoaSwiftPodsUITests.swift */; };
		7EB743FD2659BA150C88D647 /* Pods_ReactiveCocoaSwiftPodsUITests.framework in Frameworks */ = {isa = PBXBuildFile; fileRef = A54ED986113E048C4EC109FB /* Pods_ReactiveCocoaSwiftPodsUITests.framework */; };
		A4C80A63979221DD03484986 /* Pods_ReactiveCocoaSwiftPodsTests.framework in Frameworks */ = {isa = PBXBuildFile; fileRef = F6C3626B58E30FF4D2706D1C /* Pods_ReactiveCocoaSwiftPodsTests.framework */; };
/* End PBXBuildFile section */

/* Begin PBXContainerItemProxy section */
		603F30E62186782500906383 /* PBXContainerItemProxy */ = {
			isa = PBXContainerItemProxy;
			containerPortal = 603F30C92186782400906383 /* Project object */;
			proxyType = 1;
			remoteGlobalIDString = 603F30D02186782400906383;
			remoteInfo = ReactiveCocoaSwiftPods;
		};
		603F30F12186782500906383 /* PBXContainerItemProxy */ = {
			isa = PBXContainerItemProxy;
			containerPortal = 603F30C92186782400906383 /* Project object */;
			proxyType = 1;
			remoteGlobalIDString = 603F30D02186782400906383;
			remoteInfo = ReactiveCocoaSwiftPods;
		};
/* End PBXContainerItemProxy section */

/* Begin PBXFileReference section */
		03DBDF959BB578FA25EFE444 /* Pods-ReactiveCocoaSwiftPodsUITests.release.xcconfig */ = {isa = PBXFileReference; includeInIndex = 1; lastKnownFileType = text.xcconfig; name = "Pods-ReactiveCocoaSwiftPodsUITests.release.xcconfig"; path = "Pods/Target Support Files/Pods-ReactiveCocoaSwiftPodsUITests/Pods-ReactiveCocoaSwiftPodsUITests.release.xcconfig"; sourceTree = "<group>"; };
		29A6E8A31D0010DB6D20C92B /* Pods_ReactiveCocoaSwiftPods.framework */ = {isa = PBXFileReference; explicitFileType = wrapper.framework; includeInIndex = 0; path = Pods_ReactiveCocoaSwiftPods.framework; sourceTree = BUILT_PRODUCTS_DIR; };
		585779390B717033CF6B0B8F /* Pods-ReactiveCocoaSwiftPodsTests.release.xcconfig */ = {isa = PBXFileReference; includeInIndex = 1; lastKnownFileType = text.xcconfig; name = "Pods-ReactiveCocoaSwiftPodsTests.release.xcconfig"; path = "Pods/Target Support Files/Pods-ReactiveCocoaSwiftPodsTests/Pods-ReactiveCocoaSwiftPodsTests.release.xcconfig"; sourceTree = "<group>"; };
		59BF923148B1C754455D5FD8 /* Pods-ReactiveCocoaSwiftPodsTests.debug.xcconfig */ = {isa = PBXFileReference; includeInIndex = 1; lastKnownFileType = text.xcconfig; name = "Pods-ReactiveCocoaSwiftPodsTests.debug.xcconfig"; path = "Pods/Target Support Files/Pods-ReactiveCocoaSwiftPodsTests/Pods-ReactiveCocoaSwiftPodsTests.debug.xcconfig"; sourceTree = "<group>"; };
		603F30D12186782400906383 /* ReactiveCocoaSwiftPods.app */ = {isa = PBXFileReference; explicitFileType = wrapper.application; includeInIndex = 0; path = ReactiveCocoaSwiftPods.app; sourceTree = BUILT_PRODUCTS_DIR; };
		603F30D42186782400906383 /* AppDelegate.swift */ = {isa = PBXFileReference; lastKnownFileType = sourcecode.swift; path = AppDelegate.swift; sourceTree = "<group>"; };
		603F30D62186782400906383 /* ViewController.swift */ = {isa = PBXFileReference; lastKnownFileType = sourcecode.swift; path = ViewController.swift; sourceTree = "<group>"; };
		603F30D92186782400906383 /* Base */ = {isa = PBXFileReference; lastKnownFileType = file.storyboard; name = Base; path = Base.lproj/Main.storyboard; sourceTree = "<group>"; };
		603F30DB2186782500906383 /* Assets.xcassets */ = {isa = PBXFileReference; lastKnownFileType = folder.assetcatalog; path = Assets.xcassets; sourceTree = "<group>"; };
		603F30DE2186782500906383 /* Base */ = {isa = PBXFileReference; lastKnownFileType = file.storyboard; name = Base; path = Base.lproj/LaunchScreen.storyboard; sourceTree = "<group>"; };
		603F30E02186782500906383 /* Info.plist */ = {isa = PBXFileReference; lastKnownFileType = text.plist.xml; path = Info.plist; sourceTree = "<group>"; };
		603F30E52186782500906383 /* ReactiveCocoaSwiftPodsTests.xctest */ = {isa = PBXFileReference; explicitFileType = wrapper.cfbundle; includeInIndex = 0; path = ReactiveCocoaSwiftPodsTests.xctest; sourceTree = BUILT_PRODUCTS_DIR; };
		603F30E92186782500906383 /* ReactiveCocoaSwiftPodsTests.swift */ = {isa = PBXFileReference; lastKnownFileType = sourcecode.swift; path = ReactiveCocoaSwiftPodsTests.swift; sourceTree = "<group>"; };
		603F30EB2186782500906383 /* Info.plist */ = {isa = PBXFileReference; lastKnownFileType = text.plist.xml; path = Info.plist; sourceTree = "<group>"; };
		603F30F02186782500906383 /* ReactiveCocoaSwiftPodsUITests.xctest */ = {isa = PBXFileReference; explicitFileType = wrapper.cfbundle; includeInIndex = 0; path = ReactiveCocoaSwiftPodsUITests.xctest; sourceTree = BUILT_PRODUCTS_DIR; };
		603F30F42186782500906383 /* ReactiveCocoaSwiftPodsUITests.swift */ = {isa = PBXFileReference; lastKnownFileType = sourcecode.swift; path = ReactiveCocoaSwiftPodsUITests.swift; sourceTree = "<group>"; };
		603F30F62186782500906383 /* Info.plist */ = {isa = PBXFileReference; lastKnownFileType = text.plist.xml; path = Info.plist; sourceTree = "<group>"; };
		980FD6A1FA89CE7CC8D5C750 /* Pods-ReactiveCocoaSwiftPodsUITests.debug.xcconfig */ = {isa = PBXFileReference; includeInIndex = 1; lastKnownFileType = text.xcconfig; name = "Pods-ReactiveCocoaSwiftPodsUITests.debug.xcconfig"; path = "Pods/Target Support Files/Pods-ReactiveCocoaSwiftPodsUITests/Pods-ReactiveCocoaSwiftPodsUITests.debug.xcconfig"; sourceTree = "<group>"; };
		A54ED986113E048C4EC109FB /* Pods_ReactiveCocoaSwiftPodsUITests.framework */ = {isa = PBXFileReference; explicitFileType = wrapper.framework; includeInIndex = 0; path = Pods_ReactiveCocoaSwiftPodsUITests.framework; sourceTree = BUILT_PRODUCTS_DIR; };
		DA83CA35731F18A3A29D9C41 /* Pods-ReactiveCocoaSwiftPods.release.xcconfig */ = {isa = PBXFileReference; includeInIndex = 1; lastKnownFileType = text.xcconfig; name = "Pods-ReactiveCocoaSwiftPods.release.xcconfig"; path = "Pods/Target Support Files/Pods-ReactiveCocoaSwiftPods/Pods-ReactiveCocoaSwiftPods.release.xcconfig"; sourceTree = "<group>"; };
		ECE67E0666863B675EC1487D /* Pods-ReactiveCocoaSwiftPods.debug.xcconfig */ = {isa = PBXFileReference; includeInIndex = 1; lastKnownFileType = text.xcconfig; name = "Pods-ReactiveCocoaSwiftPods.debug.xcconfig"; path = "Pods/Target Support Files/Pods-ReactiveCocoaSwiftPods/Pods-ReactiveCocoaSwiftPods.debug.xcconfig"; sourceTree = "<group>"; };
		F6C3626B58E30FF4D2706D1C /* Pods_ReactiveCocoaSwiftPodsTests.framework */ = {isa = PBXFileReference; explicitFileType = wrapper.framework; includeInIndex = 0; path = Pods_ReactiveCocoaSwiftPodsTests.framework; sourceTree = BUILT_PRODUCTS_DIR; };
/* End PBXFileReference section */

/* Begin PBXFrameworksBuildPhase section */
		603F30CE2186782400906383 /* Frameworks */ = {
			isa = PBXFrameworksBuildPhase;
			buildActionMask = 2147483647;
			files = (
				118C043B5E59EA6BB3700EC5 /* Pods_ReactiveCocoaSwiftPods.framework in Frameworks */,
			);
			runOnlyForDeploymentPostprocessing = 0;
		};
		603F30E22186782500906383 /* Frameworks */ = {
			isa = PBXFrameworksBuildPhase;
			buildActionMask = 2147483647;
			files = (
				A4C80A63979221DD03484986 /* Pods_ReactiveCocoaSwiftPodsTests.framework in Frameworks */,
			);
			runOnlyForDeploymentPostprocessing = 0;
		};
		603F30ED2186782500906383 /* Frameworks */ = {
			isa = PBXFrameworksBuildPhase;
			buildActionMask = 2147483647;
			files = (
				7EB743FD2659BA150C88D647 /* Pods_ReactiveCocoaSwiftPodsUITests.framework in Frameworks */,
			);
			runOnlyForDeploymentPostprocessing = 0;
		};
/* End PBXFrameworksBuildPhase section */

/* Begin PBXGroup section */
		1B1AD1A170562170EA16EE5A /* Frameworks */ = {
			isa = PBXGroup;
			children = (
				29A6E8A31D0010DB6D20C92B /* Pods_ReactiveCocoaSwiftPods.framework */,
				F6C3626B58E30FF4D2706D1C /* Pods_ReactiveCocoaSwiftPodsTests.framework */,
				A54ED986113E048C4EC109FB /* Pods_ReactiveCocoaSwiftPodsUITests.framework */,
			);
			name = Frameworks;
			sourceTree = "<group>";
		};
		5862133ABFD7347A51DF8AAB /* Pods */ = {
			isa = PBXGroup;
			children = (
				ECE67E0666863B675EC1487D /* Pods-ReactiveCocoaSwiftPods.debug.xcconfig */,
				DA83CA35731F18A3A29D9C41 /* Pods-ReactiveCocoaSwiftPods.release.xcconfig */,
				59BF923148B1C754455D5FD8 /* Pods-ReactiveCocoaSwiftPodsTests.debug.xcconfig */,
				585779390B717033CF6B0B8F /* Pods-ReactiveCocoaSwiftPodsTests.release.xcconfig */,
				980FD6A1FA89CE7CC8D5C750 /* Pods-ReactiveCocoaSwiftPodsUITests.debug.xcconfig */,
				03DBDF959BB578FA25EFE444 /* Pods-ReactiveCocoaSwiftPodsUITests.release.xcconfig */,
			);
			name = Pods;
			sourceTree = "<group>";
		};
		603F30C82186782400906383 = {
			isa = PBXGroup;
			children = (
				603F30D32186782400906383 /* ReactiveCocoaSwiftPods */,
				603F30E82186782500906383 /* ReactiveCocoaSwiftPodsTests */,
				603F30F32186782500906383 /* ReactiveCocoaSwiftPodsUITests */,
				603F30D22186782400906383 /* Products */,
				5862133ABFD7347A51DF8AAB /* Pods */,
				1B1AD1A170562170EA16EE5A /* Frameworks */,
			);
			sourceTree = "<group>";
		};
		603F30D22186782400906383 /* Products */ = {
			isa = PBXGroup;
			children = (
				603F30D12186782400906383 /* ReactiveCocoaSwiftPods.app */,
				603F30E52186782500906383 /* ReactiveCocoaSwiftPodsTests.xctest */,
				603F30F02186782500906383 /* ReactiveCocoaSwiftPodsUITests.xctest */,
			);
			name = Products;
			sourceTree = "<group>";
		};
		603F30D32186782400906383 /* ReactiveCocoaSwiftPods */ = {
			isa = PBXGroup;
			children = (
				603F30D42186782400906383 /* AppDelegate.swift */,
				603F30D62186782400906383 /* ViewController.swift */,
				603F30D82186782400906383 /* Main.storyboard */,
				603F30DB2186782500906383 /* Assets.xcassets */,
				603F30DD2186782500906383 /* LaunchScreen.storyboard */,
				603F30E02186782500906383 /* Info.plist */,
			);
			path = ReactiveCocoaSwiftPods;
			sourceTree = "<group>";
		};
		603F30E82186782500906383 /* ReactiveCocoaSwiftPodsTests */ = {
			isa = PBXGroup;
			children = (
				603F30E92186782500906383 /* ReactiveCocoaSwiftPodsTests.swift */,
				603F30EB2186782500906383 /* Info.plist */,
			);
			path = ReactiveCocoaSwiftPodsTests;
			sourceTree = "<group>";
		};
		603F30F32186782500906383 /* ReactiveCocoaSwiftPodsUITests */ = {
			isa = PBXGroup;
			children = (
				603F30F42186782500906383 /* ReactiveCocoaSwiftPodsUITests.swift */,
				603F30F62186782500906383 /* Info.plist */,
			);
			path = ReactiveCocoaSwiftPodsUITests;
			sourceTree = "<group>";
		};
/* End PBXGroup section */

/* Begin PBXNativeTarget section */
		603F30D02186782400906383 /* ReactiveCocoaSwiftPods */ = {
			isa = PBXNativeTarget;
			buildConfigurationList = 603F30F92186782500906383 /* Build configuration list for PBXNativeTarget "ReactiveCocoaSwiftPods" */;
			buildPhases = (
				CB56DDBE34D343769D69BADA /* [CP] Check Pods Manifest.lock */,
				603F30CD2186782400906383 /* Sources */,
				603F30CE2186782400906383 /* Frameworks */,
				603F30CF2186782400906383 /* Resources */,
				CEC858E45CDC01A6A768E739 /* [CP] Embed Pods Frameworks */,
			);
			buildRules = (
			);
			dependencies = (
			);
			name = ReactiveCocoaSwiftPods;
			productName = ReactiveCocoaSwiftPods;
			productReference = 603F30D12186782400906383 /* ReactiveCocoaSwiftPods.app */;
			productType = "com.apple.product-type.application";
		};
		603F30E42186782500906383 /* ReactiveCocoaSwiftPodsTests */ = {
			isa = PBXNativeTarget;
			buildConfigurationList = 603F30FC2186782500906383 /* Build configuration list for PBXNativeTarget "ReactiveCocoaSwiftPodsTests" */;
			buildPhases = (
				5CA46A02EEDC920C3A827A7F /* [CP] Check Pods Manifest.lock */,
				603F30E12186782500906383 /* Sources */,
				603F30E22186782500906383 /* Frameworks */,
				603F30E32186782500906383 /* Resources */,
			);
			buildRules = (
			);
			dependencies = (
				603F30E72186782500906383 /* PBXTargetDependency */,
			);
			name = ReactiveCocoaSwiftPodsTests;
			productName = ReactiveCocoaSwiftPodsTests;
			productReference = 603F30E52186782500906383 /* ReactiveCocoaSwiftPodsTests.xctest */;
			productType = "com.apple.product-type.bundle.unit-test";
		};
		603F30EF2186782500906383 /* ReactiveCocoaSwiftPodsUITests */ = {
			isa = PBXNativeTarget;
			buildConfigurationList = 603F30FF2186782500906383 /* Build configuration list for PBXNativeTarget "ReactiveCocoaSwiftPodsUITests" */;
			buildPhases = (
				54C6A2F179F6D40FB5222A7E /* [CP] Check Pods Manifest.lock */,
				603F30EC2186782500906383 /* Sources */,
				603F30ED2186782500906383 /* Frameworks */,
				603F30EE2186782500906383 /* Resources */,
			);
			buildRules = (
			);
			dependencies = (
				603F30F22186782500906383 /* PBXTargetDependency */,
			);
			name = ReactiveCocoaSwiftPodsUITests;
			productName = ReactiveCocoaSwiftPodsUITests;
			productReference = 603F30F02186782500906383 /* ReactiveCocoaSwiftPodsUITests.xctest */;
			productType = "com.apple.product-type.bundle.ui-testing";
		};
/* End PBXNativeTarget section */

/* Begin PBXProject section */
		603F30C92186782400906383 /* Project object */ = {
			isa = PBXProject;
			attributes = {
				LastSwiftUpdateCheck = 0940;
				LastUpgradeCheck = 0940;
				ORGANIZATIONNAME = "Zhen Gong";
				TargetAttributes = {
					603F30D02186782400906383 = {
						CreatedOnToolsVersion = 9.4.1;
					};
					603F30E42186782500906383 = {
						CreatedOnToolsVersion = 9.4.1;
						TestTargetID = 603F30D02186782400906383;
					};
					603F30EF2186782500906383 = {
						CreatedOnToolsVersion = 9.4.1;
						TestTargetID = 603F30D02186782400906383;
					};
				};
			};
			buildConfigurationList = 603F30CC2186782400906383 /* Build configuration list for PBXProject "ReactiveCocoaSwiftPods" */;
			compatibilityVersion = "Xcode 9.3";
			developmentRegion = en;
			hasScannedForEncodings = 0;
			knownRegions = (
				en,
				Base,
			);
			mainGroup = 603F30C82186782400906383;
			productRefGroup = 603F30D22186782400906383 /* Products */;
			projectDirPath = "";
			projectRoot = "";
			targets = (
				603F30D02186782400906383 /* ReactiveCocoaSwiftPods */,
				603F30E42186782500906383 /* ReactiveCocoaSwiftPodsTests */,
				603F30EF2186782500906383 /* ReactiveCocoaSwiftPodsUITests */,
			);
		};
/* End PBXProject section */

/* Begin PBXResourcesBuildPhase section */
		603F30CF2186782400906383 /* Resources */ = {
			isa = PBXResourcesBuildPhase;
			buildActionMask = 2147483647;
			files = (
				603F30DF2186782500906383 /* LaunchScreen.storyboard in Resources */,
				603F30DC2186782500906383 /* Assets.xcassets in Resources */,
				603F30DA2186782400906383 /* Main.storyboard in Resources */,
			);
			runOnlyForDeploymentPostprocessing = 0;
		};
		603F30E32186782500906383 /* Resources */ = {
			isa = PBXResourcesBuildPhase;
			buildActionMask = 2147483647;
			files = (
			);
			runOnlyForDeploymentPostprocessing = 0;
		};
		603F30EE2186782500906383 /* Resources */ = {
			isa = PBXResourcesBuildPhase;
			buildActionMask = 2147483647;
			files = (
			);
			runOnlyForDeploymentPostprocessing = 0;
		};
/* End PBXResourcesBuildPhase section */

/* Begin PBXShellScriptBuildPhase section */
		54C6A2F179F6D40FB5222A7E /* [CP] Check Pods Manifest.lock */ = {
			isa = PBXShellScriptBuildPhase;
			buildActionMask = 2147483647;
			files = (
			);
			inputPaths = (
				"${PODS_PODFILE_DIR_PATH}/Podfile.lock",
				"${PODS_ROOT}/Manifest.lock",
			);
			name = "[CP] Check Pods Manifest.lock";
			outputPaths = (
				"$(DERIVED_FILE_DIR)/Pods-ReactiveCocoaSwiftPodsUITests-checkManifestLockResult.txt",
			);
			runOnlyForDeploymentPostprocessing = 0;
			shellPath = /bin/sh;
			shellScript = "diff \"${PODS_PODFILE_DIR_PATH}/Podfile.lock\" \"${PODS_ROOT}/Manifest.lock\" > /dev/null\nif [ $? != 0 ] ; then\n    # print error to STDERR\n    echo \"error: The sandbox is not in sync with the Podfile.lock. Run 'pod install' or update your CocoaPods installation.\" >&2\n    exit 1\nfi\n# This output is used by Xcode 'outputs' to avoid re-running this script phase.\necho \"SUCCESS\" > \"${SCRIPT_OUTPUT_FILE_0}\"\n";
			showEnvVarsInLog = 0;
		};
		5CA46A02EEDC920C3A827A7F /* [CP] Check Pods Manifest.lock */ = {
			isa = PBXShellScriptBuildPhase;
			buildActionMask = 2147483647;
			files = (
			);
			inputPaths = (
				"${PODS_PODFILE_DIR_PATH}/Podfile.lock",
				"${PODS_ROOT}/Manifest.lock",
			);
			name = "[CP] Check Pods Manifest.lock";
			outputPaths = (
				"$(DERIVED_FILE_DIR)/Pods-ReactiveCocoaSwiftPodsTests-checkManifestLockResult.txt",
			);
			runOnlyForDeploymentPostprocessing = 0;
			shellPath = /bin/sh;
			shellScript = "diff \"${PODS_PODFILE_DIR_PATH}/Podfile.lock\" \"${PODS_ROOT}/Manifest.lock\" > /dev/null\nif [ $? != 0 ] ; then\n    # print error to STDERR\n    echo \"error: The sandbox is not in sync with the Podfile.lock. Run 'pod install' or update your CocoaPods installation.\" >&2\n    exit 1\nfi\n# This output is used by Xcode 'outputs' to avoid re-running this script phase.\necho \"SUCCESS\" > \"${SCRIPT_OUTPUT_FILE_0}\"\n";
			showEnvVarsInLog = 0;
		};
		CB56DDBE34D343769D69BADA /* [CP] Check Pods Manifest.lock */ = {
			isa = PBXShellScriptBuildPhase;
			buildActionMask = 2147483647;
			files = (
			);
			inputPaths = (
				"${PODS_PODFILE_DIR_PATH}/Podfile.lock",
				"${PODS_ROOT}/Manifest.lock",
			);
			name = "[CP] Check Pods Manifest.lock";
			outputPaths = (
				"$(DERIVED_FILE_DIR)/Pods-ReactiveCocoaSwiftPods-checkManifestLockResult.txt",
			);
			runOnlyForDeploymentPostprocessing = 0;
			shellPath = /bin/sh;
			shellScript = "diff \"${PODS_PODFILE_DIR_PATH}/Podfile.lock\" \"${PODS_ROOT}/Manifest.lock\" > /dev/null\nif [ $? != 0 ] ; then\n    # print error to STDERR\n    echo \"error: The sandbox is not in sync with the Podfile.lock. Run 'pod install' or update your CocoaPods installation.\" >&2\n    exit 1\nfi\n# This output is used by Xcode 'outputs' to avoid re-running this script phase.\necho \"SUCCESS\" > \"${SCRIPT_OUTPUT_FILE_0}\"\n";
			showEnvVarsInLog = 0;
		};
		CEC858E45CDC01A6A768E739 /* [CP] Embed Pods Frameworks */ = {
			isa = PBXShellScriptBuildPhase;
			buildActionMask = 2147483647;
			files = (
			);
			inputPaths = (
				"${SRCROOT}/Pods/Target Support Files/Pods-ReactiveCocoaSwiftPods/Pods-ReactiveCocoaSwiftPods-frameworks.sh",
				"${BUILT_PRODUCTS_DIR}/ReactiveCocoa/ReactiveCocoa.framework",
				"${BUILT_PRODUCTS_DIR}/ReactiveSwift/ReactiveSwift.framework",
				"${BUILT_PRODUCTS_DIR}/Result/Result.framework",
			);
			name = "[CP] Embed Pods Frameworks";
			outputPaths = (
				"${TARGET_BUILD_DIR}/${FRAMEWORKS_FOLDER_PATH}/ReactiveCocoa.framework",
				"${TARGET_BUILD_DIR}/${FRAMEWORKS_FOLDER_PATH}/ReactiveSwift.framework",
				"${TARGET_BUILD_DIR}/${FRAMEWORKS_FOLDER_PATH}/Result.framework",
			);
			runOnlyForDeploymentPostprocessing = 0;
			shellPath = /bin/sh;
			shellScript = "\"${SRCROOT}/Pods/Target Support Files/Pods-ReactiveCocoaSwiftPods/Pods-ReactiveCocoaSwiftPods-frameworks.sh\"\n";
			showEnvVarsInLog = 0;
		};
/* End PBXShellScriptBuildPhase section */

/* Begin PBXSourcesBuildPhase section */
		603F30CD2186782400906383 /* Sources */ = {
			isa = PBXSourcesBuildPhase;
			buildActionMask = 2147483647;
			files = (
				603F30D72186782400906383 /* ViewController.swift in Sources */,
				603F30D52186782400906383 /* AppDelegate.swift in Sources */,
			);
			runOnlyForDeploymentPostprocessing = 0;
		};
		603F30E12186782500906383 /* Sources */ = {
			isa = PBXSourcesBuildPhase;
			buildActionMask = 2147483647;
			files = (
				603F30EA2186782500906383 /* ReactiveCocoaSwiftPodsTests.swift in Sources */,
			);
			runOnlyForDeploymentPostprocessing = 0;
		};
		603F30EC2186782500906383 /* Sources */ = {
			isa = PBXSourcesBuildPhase;
			buildActionMask = 2147483647;
			files = (
				603F30F52186782500906383 /* ReactiveCocoaSwiftPodsUITests.swift in Sources */,
			);
			runOnlyForDeploymentPostprocessing = 0;
		};
/* End PBXSourcesBuildPhase section */

/* Begin PBXTargetDependency section */
		603F30E72186782500906383 /* PBXTargetDependency */ = {
			isa = PBXTargetDependency;
			target = 603F30D02186782400906383 /* ReactiveCocoaSwiftPods */;
			targetProxy = 603F30E62186782500906383 /* PBXContainerItemProxy */;
		};
		603F30F22186782500906383 /* PBXTargetDependency */ = {
			isa = PBXTargetDependency;
			target = 603F30D02186782400906383 /* ReactiveCocoaSwiftPods */;
			targetProxy = 603F30F12186782500906383 /* PBXContainerItemProxy */;
		};
/* End PBXTargetDependency section */

/* Begin PBXVariantGroup section */
		603F30D82186782400906383 /* Main.storyboard */ = {
			isa = PBXVariantGroup;
			children = (
				603F30D92186782400906383 /* Base */,
			);
			name = Main.storyboard;
			sourceTree = "<group>";
		};
		603F30DD2186782500906383 /* LaunchScreen.storyboard */ = {
			isa = PBXVariantGroup;
			children = (
				603F30DE2186782500906383 /* Base */,
			);
			name = LaunchScreen.storyboard;
			sourceTree = "<group>";
		};
/* End PBXVariantGroup section */

/* Begin XCBuildConfiguration section */
		603F30F72186782500906383 /* Debug */ = {
			isa = XCBuildConfiguration;
			buildSettings = {
				ALWAYS_SEARCH_USER_PATHS = NO;
				CLANG_ANALYZER_NONNULL = YES;
				CLANG_ANALYZER_NUMBER_OBJECT_CONVERSION = YES_AGGRESSIVE;
				CLANG_CXX_LANGUAGE_STANDARD = "gnu++14";
				CLANG_CXX_LIBRARY = "libc++";
				CLANG_ENABLE_MODULES = YES;
				CLANG_ENABLE_OBJC_ARC = YES;
				CLANG_ENABLE_OBJC_WEAK = YES;
				CLANG_WARN_BLOCK_CAPTURE_AUTORELEASING = YES;
				CLANG_WARN_BOOL_CONVERSION = YES;
				CLANG_WARN_COMMA = YES;
				CLANG_WARN_CONSTANT_CONVERSION = YES;
				CLANG_WARN_DEPRECATED_OBJC_IMPLEMENTATIONS = YES;
				CLANG_WARN_DIRECT_OBJC_ISA_USAGE = YES_ERROR;
				CLANG_WARN_DOCUMENTATION_COMMENTS = YES;
				CLANG_WARN_EMPTY_BODY = YES;
				CLANG_WARN_ENUM_CONVERSION = YES;
				CLANG_WARN_INFINITE_RECURSION = YES;
				CLANG_WARN_INT_CONVERSION = YES;
				CLANG_WARN_NON_LITERAL_NULL_CONVERSION = YES;
				CLANG_WARN_OBJC_IMPLICIT_RETAIN_SELF = YES;
				CLANG_WARN_OBJC_LITERAL_CONVERSION = YES;
				CLANG_WARN_OBJC_ROOT_CLASS = YES_ERROR;
				CLANG_WARN_RANGE_LOOP_ANALYSIS = YES;
				CLANG_WARN_STRICT_PROTOTYPES = YES;
				CLANG_WARN_SUSPICIOUS_MOVE = YES;
				CLANG_WARN_UNGUARDED_AVAILABILITY = YES_AGGRESSIVE;
				CLANG_WARN_UNREACHABLE_CODE = YES;
				CLANG_WARN__DUPLICATE_METHOD_MATCH = YES;
				CODE_SIGN_IDENTITY = "iPhone Developer";
				COPY_PHASE_STRIP = NO;
				DEBUG_INFORMATION_FORMAT = dwarf;
				ENABLE_STRICT_OBJC_MSGSEND = YES;
				ENABLE_TESTABILITY = YES;
				GCC_C_LANGUAGE_STANDARD = gnu11;
				GCC_DYNAMIC_NO_PIC = NO;
				GCC_NO_COMMON_BLOCKS = YES;
				GCC_OPTIMIZATION_LEVEL = 0;
				GCC_PREPROCESSOR_DEFINITIONS = (
					"DEBUG=1",
					"$(inherited)",
				);
				GCC_WARN_64_TO_32_BIT_CONVERSION = YES;
				GCC_WARN_ABOUT_RETURN_TYPE = YES_ERROR;
				GCC_WARN_UNDECLARED_SELECTOR = YES;
				GCC_WARN_UNINITIALIZED_AUTOS = YES_AGGRESSIVE;
				GCC_WARN_UNUSED_FUNCTION = YES;
				GCC_WARN_UNUSED_VARIABLE = YES;
				IPHONEOS_DEPLOYMENT_TARGET = 11.4;
				MTL_ENABLE_DEBUG_INFO = YES;
				ONLY_ACTIVE_ARCH = YES;
				SDKROOT = iphoneos;
				SWIFT_ACTIVE_COMPILATION_CONDITIONS = DEBUG;
				SWIFT_OPTIMIZATION_LEVEL = "-Onone";
			};
			name = Debug;
		};
		603F30F82186782500906383 /* Release */ = {
			isa = XCBuildConfiguration;
			buildSettings = {
				ALWAYS_SEARCH_USER_PATHS = NO;
				CLANG_ANALYZER_NONNULL = YES;
				CLANG_ANALYZER_NUMBER_OBJECT_CONVERSION = YES_AGGRESSIVE;
				CLANG_CXX_LANGUAGE_STANDARD = "gnu++14";
				CLANG_CXX_LIBRARY = "libc++";
				CLANG_ENABLE_MODULES = YES;
				CLANG_ENABLE_OBJC_ARC = YES;
				CLANG_ENABLE_OBJC_WEAK = YES;
				CLANG_WARN_BLOCK_CAPTURE_AUTORELEASING = YES;
				CLANG_WARN_BOOL_CONVERSION = YES;
				CLANG_WARN_COMMA = YES;
				CLANG_WARN_CONSTANT_CONVERSION = YES;
				CLANG_WARN_DEPRECATED_OBJC_IMPLEMENTATIONS = YES;
				CLANG_WARN_DIRECT_OBJC_ISA_USAGE = YES_ERROR;
				CLANG_WARN_DOCUMENTATION_COMMENTS = YES;
				CLANG_WARN_EMPTY_BODY = YES;
				CLANG_WARN_ENUM_CONVERSION = YES;
				CLANG_WARN_INFINITE_RECURSION = YES;
				CLANG_WARN_INT_CONVERSION = YES;
				CLANG_WARN_NON_LITERAL_NULL_CONVERSION = YES;
				CLANG_WARN_OBJC_IMPLICIT_RETAIN_SELF = YES;
				CLANG_WARN_OBJC_LITERAL_CONVERSION = YES;
				CLANG_WARN_OBJC_ROOT_CLASS = YES_ERROR;
				CLANG_WARN_RANGE_LOOP_ANALYSIS = YES;
				CLANG_WARN_STRICT_PROTOTYPES = YES;
				CLANG_WARN_SUSPICIOUS_MOVE = YES;
				CLANG_WARN_UNGUARDED_AVAILABILITY = YES_AGGRESSIVE;
				CLANG_WARN_UNREACHABLE_CODE = YES;
				CLANG_WARN__DUPLICATE_METHOD_MATCH = YES;
				CODE_SIGN_IDENTITY = "iPhone Developer";
				COPY_PHASE_STRIP = NO;
				DEBUG_INFORMATION_FORMAT = "dwarf-with-dsym";
				ENABLE_NS_ASSERTIONS = NO;
				ENABLE_STRICT_OBJC_MSGSEND = YES;
				GCC_C_LANGUAGE_STANDARD = gnu11;
				GCC_NO_COMMON_BLOCKS = YES;
				GCC_WARN_64_TO_32_BIT_CONVERSION = YES;
				GCC_WARN_ABOUT_RETURN_TYPE = YES_ERROR;
				GCC_WARN_UNDECLARED_SELECTOR = YES;
				GCC_WARN_UNINITIALIZED_AUTOS = YES_AGGRESSIVE;
				GCC_WARN_UNUSED_FUNCTION = YES;
				GCC_WARN_UNUSED_VARIABLE = YES;
				IPHONEOS_DEPLOYMENT_TARGET = 11.4;
				MTL_ENABLE_DEBUG_INFO = NO;
				SDKROOT = iphoneos;
				SWIFT_COMPILATION_MODE = wholemodule;
				SWIFT_OPTIMIZATION_LEVEL = "-O";
				VALIDATE_PRODUCT = YES;
			};
			name = Release;
		};
		603F30FA2186782500906383 /* Debug */ = {
			isa = XCBuildConfiguration;
			baseConfigurationReference = ECE67E0666863B675EC1487D /* Pods-ReactiveCocoaSwiftPods.debug.xcconfig */;
			buildSettings = {
				ASSETCATALOG_COMPILER_APPICON_NAME = AppIcon;
				CODE_SIGN_STYLE = Automatic;
				DEVELOPMENT_TEAM = VANANTZ629;
				INFOPLIST_FILE = ReactiveCocoaSwiftPods/Info.plist;
				LD_RUNPATH_SEARCH_PATHS = (
					"$(inherited)",
					"@executable_path/Frameworks",
				);
				PRODUCT_BUNDLE_IDENTIFIER = com.gongzhen.ReactiveCocoaSwiftPods;
				PRODUCT_NAME = "$(TARGET_NAME)";
				SWIFT_VERSION = 4.0;
				TARGETED_DEVICE_FAMILY = "1,2";
			};
			name = Debug;
		};
		603F30FB2186782500906383 /* Release */ = {
			isa = XCBuildConfiguration;
			baseConfigurationReference = DA83CA35731F18A3A29D9C41 /* Pods-ReactiveCocoaSwiftPods.release.xcconfig */;
			buildSettings = {
				ASSETCATALOG_COMPILER_APPICON_NAME = AppIcon;
				CODE_SIGN_STYLE = Automatic;
				DEVELOPMENT_TEAM = VANANTZ629;
				INFOPLIST_FILE = ReactiveCocoaSwiftPods/Info.plist;
				LD_RUNPATH_SEARCH_PATHS = (
					"$(inherited)",
					"@executable_path/Frameworks",
				);
				PRODUCT_BUNDLE_IDENTIFIER = com.gongzhen.ReactiveCocoaSwiftPods;
				PRODUCT_NAME = "$(TARGET_NAME)";
				SWIFT_VERSION = 4.0;
				TARGETED_DEVICE_FAMILY = "1,2";
			};
			name = Release;
		};
		603F30FD2186782500906383 /* Debug */ = {
			isa = XCBuildConfiguration;
			baseConfigurationReference = 59BF923148B1C754455D5FD8 /* Pods-ReactiveCocoaSwiftPodsTests.debug.xcconfig */;
			buildSettings = {
				ALWAYS_EMBED_SWIFT_STANDARD_LIBRARIES = YES;
				BUNDLE_LOADER = "$(TEST_HOST)";
				CODE_SIGN_STYLE = Automatic;
				DEVELOPMENT_TEAM = VANANTZ629;
				INFOPLIST_FILE = ReactiveCocoaSwiftPodsTests/Info.plist;
				LD_RUNPATH_SEARCH_PATHS = (
					"$(inherited)",
					"@executable_path/Frameworks",
					"@loader_path/Frameworks",
				);
				PRODUCT_BUNDLE_IDENTIFIER = com.gongzhen.ReactiveCocoaSwiftPodsTests;
				PRODUCT_NAME = "$(TARGET_NAME)";
				SWIFT_VERSION = 4.0;
				TARGETED_DEVICE_FAMILY = "1,2";
				TEST_HOST = "$(BUILT_PRODUCTS_DIR)/ReactiveCocoaSwiftPods.app/ReactiveCocoaSwiftPods";
			};
			name = Debug;
		};
		603F30FE2186782500906383 /* Release */ = {
			isa = XCBuildConfiguration;
			baseConfigurationReference = 585779390B717033CF6B0B8F /* Pods-ReactiveCocoaSwiftPodsTests.release.xcconfig */;
			buildSettings = {
				ALWAYS_EMBED_SWIFT_STANDARD_LIBRARIES = YES;
				BUNDLE_LOADER = "$(TEST_HOST)";
				CODE_SIGN_STYLE = Automatic;
				DEVELOPMENT_TEAM = VANANTZ629;
				INFOPLIST_FILE = ReactiveCocoaSwiftPodsTests/Info.plist;
				LD_RUNPATH_SEARCH_PATHS = (
					"$(inherited)",
					"@executable_path/Frameworks",
					"@loader_path/Frameworks",
				);
				PRODUCT_BUNDLE_IDENTIFIER = com.gongzhen.ReactiveCocoaSwiftPodsTests;
				PRODUCT_NAME = "$(TARGET_NAME)";
				SWIFT_VERSION = 4.0;
				TARGETED_DEVICE_FAMILY = "1,2";
				TEST_HOST = "$(BUILT_PRODUCTS_DIR)/ReactiveCocoaSwiftPods.app/ReactiveCocoaSwiftPods";
			};
			name = Release;
		};
		603F31002186782500906383 /* Debug */ = {
			isa = XCBuildConfiguration;
			baseConfigurationReference = 980FD6A1FA89CE7CC8D5C750 /* Pods-ReactiveCocoaSwiftPodsUITests.debug.xcconfig */;
			buildSettings = {
				ALWAYS_EMBED_SWIFT_STANDARD_LIBRARIES = YES;
				CODE_SIGN_STYLE = Automatic;
				DEVELOPMENT_TEAM = VANANTZ629;
				INFOPLIST_FILE = ReactiveCocoaSwiftPodsUITests/Info.plist;
				LD_RUNPATH_SEARCH_PATHS = (
					"$(inherited)",
					"@executable_path/Frameworks",
					"@loader_path/Frameworks",
				);
				PRODUCT_BUNDLE_IDENTIFIER = com.gongzhen.ReactiveCocoaSwiftPodsUITests;
				PRODUCT_NAME = "$(TARGET_NAME)";
				SWIFT_VERSION = 4.0;
				TARGETED_DEVICE_FAMILY = "1,2";
				TEST_TARGET_NAME = ReactiveCocoaSwiftPods;
			};
			name = Debug;
		};
		603F31012186782500906383 /* Release */ = {
			isa = XCBuildConfiguration;
			baseConfigurationReference = 03DBDF959BB578FA25EFE444 /* Pods-ReactiveCocoaSwiftPodsUITests.release.xcconfig */;
			buildSettings = {
				ALWAYS_EMBED_SWIFT_STANDARD_LIBRARIES = YES;
				CODE_SIGN_STYLE = Automatic;
				DEVELOPMENT_TEAM = VANANTZ629;
				INFOPLIST_FILE = ReactiveCocoaSwiftPodsUITests/Info.plist;
				LD_RUNPATH_SEARCH_PATHS = (
					"$(inherited)",
					"@executable_path/Frameworks",
					"@loader_path/Frameworks",
				);
				PRODUCT_BUNDLE_IDENTIFIER = com.gongzhen.ReactiveCocoaSwiftPodsUITests;
				PRODUCT_NAME = "$(TARGET_NAME)";
				SWIFT_VERSION = 4.0;
				TARGETED_DEVICE_FAMILY = "1,2";
				TEST_TARGET_NAME = ReactiveCocoaSwiftPods;
			};
			name = Release;
		};
/* End XCBuildConfiguration section */

/* Begin XCConfigurationList section */
		603F30CC2186782400906383 /* Build configuration list for PBXProject "ReactiveCocoaSwiftPods" */ = {
			isa = XCConfigurationList;
			buildConfigurations = (
				603F30F72186782500906383 /* Debug */,
				603F30F82186782500906383 /* Release */,
			);
			defaultConfigurationIsVisible = 0;
			defaultConfigurationName = Release;
		};
		603F30F92186782500906383 /* Build configuration list for PBXNativeTarget "ReactiveCocoaSwiftPods" */ = {
			isa = XCConfigurationList;
			buildConfigurations = (
				603F30FA2186782500906383 /* Debug */,
				603F30FB2186782500906383 /* Release */,
			);
			defaultConfigurationIsVisible = 0;
			defaultConfigurationName = Release;
		};
		603F30FC2186782500906383 /* Build configuration list for PBXNativeTarget "ReactiveCocoaSwiftPodsTests" */ = {
			isa = XCConfigurationList;
			buildConfigurations = (
				603F30FD2186782500906383 /* Debug */,
				603F30FE2186782500906383 /* Release */,
			);
			defaultConfigurationIsVisible = 0;
			defaultConfigurationName = Release;
		};
		603F30FF2186782500906383 /* Build configuration list for PBXNativeTarget "ReactiveCocoaSwiftPodsUITests" */ = {
			isa = XCConfigurationList;
			buildConfigurations = (
				603F31002186782500906383 /* Debug */,
				603F31012186782500906383 /* Release */,
			);
			defaultConfigurationIsVisible = 0;
			defaultConfigurationName = Release;
		};
/* End XCConfigurationList section */
	};
	rootObject = 603F30C92186782400906383 /* Project object */;
}
